// !$*UTF8*$!
{
	archiveVersion = 1;
	classes = {
	};
	objectVersion = 46;
	objects = {

/* Begin PBXBuildFile section */
		0315B1E716D192960007A0FA /* INSOCKSServer.h in Headers */ = {isa = PBXBuildFile; fileRef = 0315B1E516D192960007A0FA /* INSOCKSServer.h */; };
		0315B1E816D192960007A0FA /* INSOCKSServer.m in Sources */ = {isa = PBXBuildFile; fileRef = 0315B1E616D192960007A0FA /* INSOCKSServer.m */; };
		0315B1EC16D198F80007A0FA /* PortMapper.h in Headers */ = {isa = PBXBuildFile; fileRef = 0315B1EA16D198F80007A0FA /* PortMapper.h */; };
		0315B1ED16D198F80007A0FA /* PortMapper.m in Sources */ = {isa = PBXBuildFile; fileRef = 0315B1EB16D198F80007A0FA /* PortMapper.m */; settings = {COMPILER_FLAGS = "-fno-objc-arc"; }; };
		032D586316C158A1009577E1 /* XMPPCapabilities.xcdatamodel in Sources */ = {isa = PBXBuildFile; fileRef = 032D585A16C158A1009577E1 /* XMPPCapabilities.xcdatamodel */; };
		032D586416C158A1009577E1 /* XMPPCapabilitiesCoreDataStorage.h in Headers */ = {isa = PBXBuildFile; fileRef = 032D585B16C158A1009577E1 /* XMPPCapabilitiesCoreDataStorage.h */; settings = {ATTRIBUTES = (Public, ); }; };
		032D586516C158A1009577E1 /* XMPPCapabilitiesCoreDataStorage.m in Sources */ = {isa = PBXBuildFile; fileRef = 032D585C16C158A1009577E1 /* XMPPCapabilitiesCoreDataStorage.m */; };
		032D586616C158A1009577E1 /* XMPPCapsCoreDataStorageObject.h in Headers */ = {isa = PBXBuildFile; fileRef = 032D585D16C158A1009577E1 /* XMPPCapsCoreDataStorageObject.h */; };
		032D586716C158A1009577E1 /* XMPPCapsCoreDataStorageObject.m in Sources */ = {isa = PBXBuildFile; fileRef = 032D585E16C158A1009577E1 /* XMPPCapsCoreDataStorageObject.m */; };
		032D586816C158A1009577E1 /* XMPPCapsResourceCoreDataStorageObject.h in Headers */ = {isa = PBXBuildFile; fileRef = 032D585F16C158A1009577E1 /* XMPPCapsResourceCoreDataStorageObject.h */; };
		032D586916C158A1009577E1 /* XMPPCapsResourceCoreDataStorageObject.m in Sources */ = {isa = PBXBuildFile; fileRef = 032D586016C158A1009577E1 /* XMPPCapsResourceCoreDataStorageObject.m */; };
		032D586A16C158A1009577E1 /* XMPPCapabilities.h in Headers */ = {isa = PBXBuildFile; fileRef = 032D586116C158A1009577E1 /* XMPPCapabilities.h */; settings = {ATTRIBUTES = (Public, ); }; };
		032D586B16C158A1009577E1 /* XMPPCapabilities.m in Sources */ = {isa = PBXBuildFile; fileRef = 032D586216C158A1009577E1 /* XMPPCapabilities.m */; };
		035B5B8416A363C90098CB09 /* Cocoa.framework in Frameworks */ = {isa = PBXBuildFile; fileRef = 039366A7169D25D100986388 /* Cocoa.framework */; };
		035B5B9216A364000098CB09 /* DDAbstractDatabaseLogger.m in Sources */ = {isa = PBXBuildFile; fileRef = 039367A5169D298F00986388 /* DDAbstractDatabaseLogger.m */; };
		035B5B9316A364000098CB09 /* DDASLLogger.m in Sources */ = {isa = PBXBuildFile; fileRef = 039367A7169D298F00986388 /* DDASLLogger.m */; };
		035B5B9416A364000098CB09 /* DDFileLogger.m in Sources */ = {isa = PBXBuildFile; fileRef = 039367A9169D298F00986388 /* DDFileLogger.m */; };
		035B5B9516A364000098CB09 /* DDLog.m in Sources */ = {isa = PBXBuildFile; fileRef = 039367AB169D298F00986388 /* DDLog.m */; };
		035B5B9616A364000098CB09 /* DDTTYLogger.m in Sources */ = {isa = PBXBuildFile; fileRef = 039367AD169D298F00986388 /* DDTTYLogger.m */; };
		035B5B9716A364000098CB09 /* GCDAsyncSocket.m in Sources */ = {isa = PBXBuildFile; fileRef = 039367A0169D297E00986388 /* GCDAsyncSocket.m */; settings = {COMPILER_FLAGS = "-w"; }; };
		035B5B9816A364000098CB09 /* XMPPDeprecatedDigestAuthentication.m in Sources */ = {isa = PBXBuildFile; fileRef = 039366BF169D26B300986388 /* XMPPDeprecatedDigestAuthentication.m */; };
		035B5B9916A364000098CB09 /* XMPPDeprecatedPlainAuthentication.m in Sources */ = {isa = PBXBuildFile; fileRef = 039366C2169D26B300986388 /* XMPPDeprecatedPlainAuthentication.m */; };
		035B5B9A16A364000098CB09 /* XMPPDigestMD5Authentication.m in Sources */ = {isa = PBXBuildFile; fileRef = 039366C5169D26B300986388 /* XMPPDigestMD5Authentication.m */; };
		035B5B9B16A364000098CB09 /* XMPPPlainAuthentication.m in Sources */ = {isa = PBXBuildFile; fileRef = 039366C8169D26B300986388 /* XMPPPlainAuthentication.m */; };
		035B5B9C16A364000098CB09 /* NSData+XMPP.m in Sources */ = {isa = PBXBuildFile; fileRef = 039366CC169D26B300986388 /* NSData+XMPP.m */; };
		035B5B9D16A364000098CB09 /* NSNumber+XMPP.m in Sources */ = {isa = PBXBuildFile; fileRef = 039366CE169D26B300986388 /* NSNumber+XMPP.m */; };
		035B5B9E16A364000098CB09 /* NSXMLElement+XMPP.m in Sources */ = {isa = PBXBuildFile; fileRef = 039366D0169D26B300986388 /* NSXMLElement+XMPP.m */; };
		035B5B9F16A364000098CB09 /* LibIDN.m in Sources */ = {isa = PBXBuildFile; fileRef = 039366D9169D26B300986388 /* LibIDN.m */; };
		035B5BA016A364000098CB09 /* XMPPResourceMemoryStorageObject.m in Sources */ = {isa = PBXBuildFile; fileRef = 039366E1169D26B300986388 /* XMPPResourceMemoryStorageObject.m */; };
		035B5BA116A364000098CB09 /* XMPPRosterMemoryStorage.m in Sources */ = {isa = PBXBuildFile; fileRef = 039366E3169D26B300986388 /* XMPPRosterMemoryStorage.m */; };
		035B5BA216A364000098CB09 /* XMPPUserMemoryStorageObject.m in Sources */ = {isa = PBXBuildFile; fileRef = 039366E6169D26B400986388 /* XMPPUserMemoryStorageObject.m */; };
		035B5BA316A364000098CB09 /* XMPPRoster.m in Sources */ = {isa = PBXBuildFile; fileRef = 039366E9169D26B400986388 /* XMPPRoster.m */; };
		035B5BA416A364000098CB09 /* DDList.m in Sources */ = {isa = PBXBuildFile; fileRef = 039366EE169D26B400986388 /* DDList.m */; };
		035B5BA516A364000098CB09 /* GCDMulticastDelegate.m in Sources */ = {isa = PBXBuildFile; fileRef = 039366F0169D26B400986388 /* GCDMulticastDelegate.m */; };
		035B5BA616A364000098CB09 /* RFImageToDataTransformer.m in Sources */ = {isa = PBXBuildFile; fileRef = 039366F2169D26B400986388 /* RFImageToDataTransformer.m */; };
		035B5BA716A364000098CB09 /* XMPPvCardTemp.m in Sources */ = {isa = PBXBuildFile; fileRef = 039366F8169D26B400986388 /* XMPPvCardTemp.m */; };
		035B5BA816A364000098CB09 /* XMPPvCardTempAdr.m in Sources */ = {isa = PBXBuildFile; fileRef = 039366FA169D26B400986388 /* XMPPvCardTempAdr.m */; };
		035B5BA916A364000098CB09 /* XMPPvCardTempAdrTypes.m in Sources */ = {isa = PBXBuildFile; fileRef = 039366FC169D26B400986388 /* XMPPvCardTempAdrTypes.m */; };
		035B5BAA16A364000098CB09 /* XMPPvCardTempBase.m in Sources */ = {isa = PBXBuildFile; fileRef = 039366FE169D26B400986388 /* XMPPvCardTempBase.m */; };
		035B5BAB16A364000098CB09 /* XMPPvCardTempEmail.m in Sources */ = {isa = PBXBuildFile; fileRef = 03936700169D26B400986388 /* XMPPvCardTempEmail.m */; };
		035B5BAC16A364000098CB09 /* XMPPvCardTempLabel.m in Sources */ = {isa = PBXBuildFile; fileRef = 03936702169D26B400986388 /* XMPPvCardTempLabel.m */; };
		035B5BAD16A364000098CB09 /* XMPPvCardTempModule.m in Sources */ = {isa = PBXBuildFile; fileRef = 03936704169D26B400986388 /* XMPPvCardTempModule.m */; };
		035B5BAE16A364000098CB09 /* XMPPvCardTempTel.m in Sources */ = {isa = PBXBuildFile; fileRef = 03936706169D26B400986388 /* XMPPvCardTempTel.m */; };
		035B5BAF16A364000098CB09 /* XMPPMessage+XEP_0071.m in Sources */ = {isa = PBXBuildFile; fileRef = 03936709169D26B400986388 /* XMPPMessage+XEP_0071.m */; };
		035B5BB016A364000098CB09 /* NSDate+XMPPDateTimeProfiles.m in Sources */ = {isa = PBXBuildFile; fileRef = 0393670C169D26B400986388 /* NSDate+XMPPDateTimeProfiles.m */; };
		035B5BB116A364000098CB09 /* XMPPDateTimeProfiles.m in Sources */ = {isa = PBXBuildFile; fileRef = 0393670E169D26B400986388 /* XMPPDateTimeProfiles.m */; };
		035B5BB216A364000098CB09 /* XMPPMessage+XEP_0085.m in Sources */ = {isa = PBXBuildFile; fileRef = 03936711169D26B400986388 /* XMPPMessage+XEP_0085.m */; };
		035B5BB316A364000098CB09 /* XMPPPresence+XEP_0153.m in Sources */ = {isa = PBXBuildFile; fileRef = 03936717169D26B400986388 /* XMPPPresence+XEP_0153.m */; };
		035B5BB416A364000098CB09 /* XMPPAutoPing.m in Sources */ = {isa = PBXBuildFile; fileRef = 0393671A169D26B400986388 /* XMPPAutoPing.m */; };
		035B5BB516A364000098CB09 /* XMPPPing.m in Sources */ = {isa = PBXBuildFile; fileRef = 0393671C169D26B400986388 /* XMPPPing.m */; };
		035B5BB616A364000098CB09 /* XMPPElement+Delay.m in Sources */ = {isa = PBXBuildFile; fileRef = 0393671F169D26B400986388 /* XMPPElement+Delay.m */; };
		035B5BB716A364000098CB09 /* XMPPElement.m in Sources */ = {isa = PBXBuildFile; fileRef = 03936723169D26B400986388 /* XMPPElement.m */; };
		035B5BB816A364000098CB09 /* XMPPIDTracker.m in Sources */ = {isa = PBXBuildFile; fileRef = 03936725169D26B400986388 /* XMPPIDTracker.m */; };
		035B5BB916A364000098CB09 /* XMPPIQ.m in Sources */ = {isa = PBXBuildFile; fileRef = 03936728169D26B400986388 /* XMPPIQ.m */; };
		035B5BBA16A364000098CB09 /* XMPPJID.m in Sources */ = {isa = PBXBuildFile; fileRef = 0393672A169D26B400986388 /* XMPPJID.m */; };
		035B5BBB16A364000098CB09 /* XMPPMessage.m in Sources */ = {isa = PBXBuildFile; fileRef = 0393672D169D26B400986388 /* XMPPMessage.m */; };
		035B5BBC16A364000098CB09 /* XMPPModule.m in Sources */ = {isa = PBXBuildFile; fileRef = 0393672F169D26B400986388 /* XMPPModule.m */; };
		035B5BBD16A364000098CB09 /* XMPPParser.m in Sources */ = {isa = PBXBuildFile; fileRef = 03936731169D26B400986388 /* XMPPParser.m */; };
		035B5BBE16A364000098CB09 /* XMPPPresence.m in Sources */ = {isa = PBXBuildFile; fileRef = 03936733169D26B400986388 /* XMPPPresence.m */; };
		035B5BBF16A364000098CB09 /* XMPPSRVResolver.m in Sources */ = {isa = PBXBuildFile; fileRef = 03936735169D26B400986388 /* XMPPSRVResolver.m */; };
		035B5BC016A364000098CB09 /* XMPPStream.m in Sources */ = {isa = PBXBuildFile; fileRef = 03936737169D26B400986388 /* XMPPStream.m */; };
		035B5BC516A364470098CB09 /* SystemConfiguration.framework in Frameworks */ = {isa = PBXBuildFile; fileRef = 035B5BC416A364470098CB09 /* SystemConfiguration.framework */; };
		035B5BC616A3644A0098CB09 /* Security.framework in Frameworks */ = {isa = PBXBuildFile; fileRef = 039367F3169D2C8C00986388 /* Security.framework */; };
		035B5BC816A3644D0098CB09 /* CoreLocation.framework in Frameworks */ = {isa = PBXBuildFile; fileRef = 035B5BC716A3644D0098CB09 /* CoreLocation.framework */; };
		035B5BC916A364EE0098CB09 /* libresolv.dylib in Frameworks */ = {isa = PBXBuildFile; fileRef = 03936804169D2CE800986388 /* libresolv.dylib */; };
		035B5BCA16A365350098CB09 /* libidn.a in Frameworks */ = {isa = PBXBuildFile; fileRef = 039366D7169D26B300986388 /* libidn.a */; };
		035B5BCB16A365830098CB09 /* DDAbstractDatabaseLogger.h in Headers */ = {isa = PBXBuildFile; fileRef = 039367A4169D298F00986388 /* DDAbstractDatabaseLogger.h */; };
		035B5BCC16A365830098CB09 /* DDASLLogger.h in Headers */ = {isa = PBXBuildFile; fileRef = 039367A6169D298F00986388 /* DDASLLogger.h */; };
		035B5BCD16A365830098CB09 /* DDFileLogger.h in Headers */ = {isa = PBXBuildFile; fileRef = 039367A8169D298F00986388 /* DDFileLogger.h */; };
		035B5BCE16A365830098CB09 /* DDLog.h in Headers */ = {isa = PBXBuildFile; fileRef = 039367AA169D298F00986388 /* DDLog.h */; };
		035B5BCF16A365830098CB09 /* DDTTYLogger.h in Headers */ = {isa = PBXBuildFile; fileRef = 039367AC169D298F00986388 /* DDTTYLogger.h */; };
		035B5BD016A365830098CB09 /* GCDAsyncSocket.h in Headers */ = {isa = PBXBuildFile; fileRef = 0393679F169D297E00986388 /* GCDAsyncSocket.h */; settings = {ATTRIBUTES = (Public, ); }; };
		035B5BD116A365830098CB09 /* XMPPFramework.h in Headers */ = {isa = PBXBuildFile; fileRef = 039366B4169D25D100986388 /* XMPPFramework.h */; settings = {ATTRIBUTES = (Public, ); }; };
		035B5BD216A365830098CB09 /* XMPPDeprecatedDigestAuthentication.h in Headers */ = {isa = PBXBuildFile; fileRef = 039366BE169D26B300986388 /* XMPPDeprecatedDigestAuthentication.h */; settings = {ATTRIBUTES = (Public, ); }; };
		035B5BD316A365830098CB09 /* XMPPDeprecatedPlainAuthentication.h in Headers */ = {isa = PBXBuildFile; fileRef = 039366C1169D26B300986388 /* XMPPDeprecatedPlainAuthentication.h */; settings = {ATTRIBUTES = (Public, ); }; };
		035B5BD416A365830098CB09 /* XMPPDigestMD5Authentication.h in Headers */ = {isa = PBXBuildFile; fileRef = 039366C4169D26B300986388 /* XMPPDigestMD5Authentication.h */; settings = {ATTRIBUTES = (Public, ); }; };
		035B5BD516A365830098CB09 /* XMPPPlainAuthentication.h in Headers */ = {isa = PBXBuildFile; fileRef = 039366C7169D26B300986388 /* XMPPPlainAuthentication.h */; settings = {ATTRIBUTES = (Public, ); }; };
		035B5BD616A365830098CB09 /* XMPPSASLAuthentication.h in Headers */ = {isa = PBXBuildFile; fileRef = 039366C9169D26B300986388 /* XMPPSASLAuthentication.h */; settings = {ATTRIBUTES = (Public, ); }; };
		035B5BD716A365830098CB09 /* NSData+XMPP.h in Headers */ = {isa = PBXBuildFile; fileRef = 039366CB169D26B300986388 /* NSData+XMPP.h */; };
		035B5BD816A365830098CB09 /* NSNumber+XMPP.h in Headers */ = {isa = PBXBuildFile; fileRef = 039366CD169D26B300986388 /* NSNumber+XMPP.h */; };
		035B5BD916A365830098CB09 /* NSXMLElement+XMPP.h in Headers */ = {isa = PBXBuildFile; fileRef = 039366CF169D26B300986388 /* NSXMLElement+XMPP.h */; settings = {ATTRIBUTES = (Public, ); }; };
		035B5BDA16A365830098CB09 /* idn-int.h in Headers */ = {isa = PBXBuildFile; fileRef = 039366D6169D26B300986388 /* idn-int.h */; };
		035B5BDB16A365830098CB09 /* LibIDN.h in Headers */ = {isa = PBXBuildFile; fileRef = 039366D8169D26B300986388 /* LibIDN.h */; };
		035B5BDC16A365830098CB09 /* stringprep.h in Headers */ = {isa = PBXBuildFile; fileRef = 039366DA169D26B300986388 /* stringprep.h */; };
		035B5BDD16A365830098CB09 /* XMPPResourceMemoryStorageObject.h in Headers */ = {isa = PBXBuildFile; fileRef = 039366E0169D26B300986388 /* XMPPResourceMemoryStorageObject.h */; settings = {ATTRIBUTES = (Public, ); }; };
		035B5BDE16A365830098CB09 /* XMPPRosterMemoryStorage.h in Headers */ = {isa = PBXBuildFile; fileRef = 039366E2169D26B300986388 /* XMPPRosterMemoryStorage.h */; settings = {ATTRIBUTES = (Public, ); }; };
		035B5BDF16A365830098CB09 /* XMPPRosterMemoryStoragePrivate.h in Headers */ = {isa = PBXBuildFile; fileRef = 039366E4169D26B300986388 /* XMPPRosterMemoryStoragePrivate.h */; };
		035B5BE016A365830098CB09 /* XMPPUserMemoryStorageObject.h in Headers */ = {isa = PBXBuildFile; fileRef = 039366E5169D26B300986388 /* XMPPUserMemoryStorageObject.h */; settings = {ATTRIBUTES = (Public, ); }; };
		035B5BE116A365830098CB09 /* XMPPResource.h in Headers */ = {isa = PBXBuildFile; fileRef = 039366E7169D26B400986388 /* XMPPResource.h */; settings = {ATTRIBUTES = (Public, ); }; };
		035B5BE216A365830098CB09 /* XMPPRoster.h in Headers */ = {isa = PBXBuildFile; fileRef = 039366E8169D26B400986388 /* XMPPRoster.h */; settings = {ATTRIBUTES = (Public, ); }; };
		035B5BE316A365830098CB09 /* XMPPRosterPrivate.h in Headers */ = {isa = PBXBuildFile; fileRef = 039366EA169D26B400986388 /* XMPPRosterPrivate.h */; };
		035B5BE416A365830098CB09 /* XMPPUser.h in Headers */ = {isa = PBXBuildFile; fileRef = 039366EB169D26B400986388 /* XMPPUser.h */; settings = {ATTRIBUTES = (Public, ); }; };
		035B5BE516A365830098CB09 /* DDList.h in Headers */ = {isa = PBXBuildFile; fileRef = 039366ED169D26B400986388 /* DDList.h */; };
		035B5BE616A365830098CB09 /* GCDMulticastDelegate.h in Headers */ = {isa = PBXBuildFile; fileRef = 039366EF169D26B400986388 /* GCDMulticastDelegate.h */; settings = {ATTRIBUTES = (Public, ); }; };
		035B5BE716A365830098CB09 /* RFImageToDataTransformer.h in Headers */ = {isa = PBXBuildFile; fileRef = 039366F1169D26B400986388 /* RFImageToDataTransformer.h */; };
		035B5BE816A365830098CB09 /* XMPPvCardTemp.h in Headers */ = {isa = PBXBuildFile; fileRef = 039366F7169D26B400986388 /* XMPPvCardTemp.h */; settings = {ATTRIBUTES = (Public, ); }; };
		035B5BE916A365830098CB09 /* XMPPvCardTempAdr.h in Headers */ = {isa = PBXBuildFile; fileRef = 039366F9169D26B400986388 /* XMPPvCardTempAdr.h */; settings = {ATTRIBUTES = (Public, ); }; };
		035B5BEA16A365830098CB09 /* XMPPvCardTempAdrTypes.h in Headers */ = {isa = PBXBuildFile; fileRef = 039366FB169D26B400986388 /* XMPPvCardTempAdrTypes.h */; settings = {ATTRIBUTES = (Public, ); }; };
		035B5BEB16A365830098CB09 /* XMPPvCardTempBase.h in Headers */ = {isa = PBXBuildFile; fileRef = 039366FD169D26B400986388 /* XMPPvCardTempBase.h */; settings = {ATTRIBUTES = (Public, ); }; };
		035B5BEC16A365830098CB09 /* XMPPvCardTempEmail.h in Headers */ = {isa = PBXBuildFile; fileRef = 039366FF169D26B400986388 /* XMPPvCardTempEmail.h */; settings = {ATTRIBUTES = (Public, ); }; };
		035B5BED16A365830098CB09 /* XMPPvCardTempLabel.h in Headers */ = {isa = PBXBuildFile; fileRef = 03936701169D26B400986388 /* XMPPvCardTempLabel.h */; settings = {ATTRIBUTES = (Public, ); }; };
		035B5BEE16A365830098CB09 /* XMPPvCardTempModule.h in Headers */ = {isa = PBXBuildFile; fileRef = 03936703169D26B400986388 /* XMPPvCardTempModule.h */; settings = {ATTRIBUTES = (Public, ); }; };
		035B5BEF16A365830098CB09 /* XMPPvCardTempTel.h in Headers */ = {isa = PBXBuildFile; fileRef = 03936705169D26B400986388 /* XMPPvCardTempTel.h */; settings = {ATTRIBUTES = (Public, ); }; };
		035B5BF016A365830098CB09 /* XMPPMessage+XEP_0071.h in Headers */ = {isa = PBXBuildFile; fileRef = 03936708169D26B400986388 /* XMPPMessage+XEP_0071.h */; settings = {ATTRIBUTES = (Public, ); }; };
		035B5BF116A365830098CB09 /* NSDate+XMPPDateTimeProfiles.h in Headers */ = {isa = PBXBuildFile; fileRef = 0393670B169D26B400986388 /* NSDate+XMPPDateTimeProfiles.h */; };
		035B5BF216A365830098CB09 /* XMPPDateTimeProfiles.h in Headers */ = {isa = PBXBuildFile; fileRef = 0393670D169D26B400986388 /* XMPPDateTimeProfiles.h */; };
		035B5BF316A365830098CB09 /* XMPPMessage+XEP_0085.h in Headers */ = {isa = PBXBuildFile; fileRef = 03936710169D26B400986388 /* XMPPMessage+XEP_0085.h */; settings = {ATTRIBUTES = (Public, ); }; };
		035B5BF416A365830098CB09 /* XMPPPresence+XEP_0153.h in Headers */ = {isa = PBXBuildFile; fileRef = 03936716169D26B400986388 /* XMPPPresence+XEP_0153.h */; settings = {ATTRIBUTES = (Public, ); }; };
		035B5BF516A365830098CB09 /* XMPPAutoPing.h in Headers */ = {isa = PBXBuildFile; fileRef = 03936719169D26B400986388 /* XMPPAutoPing.h */; settings = {ATTRIBUTES = (Public, ); }; };
		035B5BF616A365830098CB09 /* XMPPPing.h in Headers */ = {isa = PBXBuildFile; fileRef = 0393671B169D26B400986388 /* XMPPPing.h */; settings = {ATTRIBUTES = (Public, ); }; };
		035B5BF716A365830098CB09 /* XMPPElement+Delay.h in Headers */ = {isa = PBXBuildFile; fileRef = 0393671E169D26B400986388 /* XMPPElement+Delay.h */; };
		035B5BF816A365830098CB09 /* XMPP.h in Headers */ = {isa = PBXBuildFile; fileRef = 03936721169D26B400986388 /* XMPP.h */; settings = {ATTRIBUTES = (Public, ); }; };
		035B5BF916A365830098CB09 /* XMPPElement.h in Headers */ = {isa = PBXBuildFile; fileRef = 03936722169D26B400986388 /* XMPPElement.h */; settings = {ATTRIBUTES = (Public, ); }; };
		035B5BFA16A365830098CB09 /* XMPPIDTracker.h in Headers */ = {isa = PBXBuildFile; fileRef = 03936724169D26B400986388 /* XMPPIDTracker.h */; };
		035B5BFB16A365830098CB09 /* XMPPInternal.h in Headers */ = {isa = PBXBuildFile; fileRef = 03936726169D26B400986388 /* XMPPInternal.h */; };
		035B5BFC16A365830098CB09 /* XMPPIQ.h in Headers */ = {isa = PBXBuildFile; fileRef = 03936727169D26B400986388 /* XMPPIQ.h */; settings = {ATTRIBUTES = (Public, ); }; };
		035B5BFD16A365830098CB09 /* XMPPJID.h in Headers */ = {isa = PBXBuildFile; fileRef = 03936729169D26B400986388 /* XMPPJID.h */; settings = {ATTRIBUTES = (Public, ); }; };
		035B5BFE16A365830098CB09 /* XMPPLogging.h in Headers */ = {isa = PBXBuildFile; fileRef = 0393672B169D26B400986388 /* XMPPLogging.h */; };
		035B5BFF16A365830098CB09 /* XMPPMessage.h in Headers */ = {isa = PBXBuildFile; fileRef = 0393672C169D26B400986388 /* XMPPMessage.h */; settings = {ATTRIBUTES = (Public, ); }; };
		035B5C0016A365830098CB09 /* XMPPModule.h in Headers */ = {isa = PBXBuildFile; fileRef = 0393672E169D26B400986388 /* XMPPModule.h */; settings = {ATTRIBUTES = (Public, ); }; };
		035B5C0116A365830098CB09 /* XMPPParser.h in Headers */ = {isa = PBXBuildFile; fileRef = 03936730169D26B400986388 /* XMPPParser.h */; settings = {ATTRIBUTES = (Public, ); }; };
		035B5C0216A365830098CB09 /* XMPPPresence.h in Headers */ = {isa = PBXBuildFile; fileRef = 03936732169D26B400986388 /* XMPPPresence.h */; settings = {ATTRIBUTES = (Public, ); }; };
		035B5C0316A365830098CB09 /* XMPPSRVResolver.h in Headers */ = {isa = PBXBuildFile; fileRef = 03936734169D26B400986388 /* XMPPSRVResolver.h */; };
		035B5C0416A365830098CB09 /* XMPPStream.h in Headers */ = {isa = PBXBuildFile; fileRef = 03936736169D26B400986388 /* XMPPStream.h */; settings = {ATTRIBUTES = (Public, ); }; };
		0371704516CA05F500EDE221 /* XMPPInBandBytestream.h in Headers */ = {isa = PBXBuildFile; fileRef = 0371704316CA05F500EDE221 /* XMPPInBandBytestream.h */; settings = {ATTRIBUTES = (Public, ); }; };
		0371704616CA05F500EDE221 /* XMPPInBandBytestream.m in Sources */ = {isa = PBXBuildFile; fileRef = 0371704416CA05F500EDE221 /* XMPPInBandBytestream.m */; };
		0375AD0516C213530029EFF1 /* XMPPSIFileTransfer.h in Headers */ = {isa = PBXBuildFile; fileRef = 0375AD0316C213530029EFF1 /* XMPPSIFileTransfer.h */; settings = {ATTRIBUTES = (Public, ); }; };
		0375AD0616C213530029EFF1 /* XMPPSIFileTransfer.m in Sources */ = {isa = PBXBuildFile; fileRef = 0375AD0416C213530029EFF1 /* XMPPSIFileTransfer.m */; };
		038C017016C18EB700DC2924 /* XMPPSoftwareVersion.h in Headers */ = {isa = PBXBuildFile; fileRef = 038C016E16C18EB700DC2924 /* XMPPSoftwareVersion.h */; settings = {ATTRIBUTES = (Public, ); }; };
		038C017116C18EB700DC2924 /* XMPPSoftwareVersion.m in Sources */ = {isa = PBXBuildFile; fileRef = 038C016F16C18EB700DC2924 /* XMPPSoftwareVersion.m */; };
		038D5DCC16C15C5A001593F1 /* XMPPCoreDataStorage.h in Headers */ = {isa = PBXBuildFile; fileRef = 038D5DC916C15C5A001593F1 /* XMPPCoreDataStorage.h */; settings = {ATTRIBUTES = (Public, ); }; };
		038D5DCD16C15C5A001593F1 /* XMPPCoreDataStorage.m in Sources */ = {isa = PBXBuildFile; fileRef = 038D5DCA16C15C5A001593F1 /* XMPPCoreDataStorage.m */; };
		038D5DCE16C15C5A001593F1 /* XMPPCoreDataStorageProtected.h in Headers */ = {isa = PBXBuildFile; fileRef = 038D5DCB16C15C5A001593F1 /* XMPPCoreDataStorageProtected.h */; };
		03B9E8F116C8B4C2002F2730 /* TURNSocket.h in Headers */ = {isa = PBXBuildFile; fileRef = 03B9E8EF16C8B4C2002F2730 /* TURNSocket.h */; settings = {ATTRIBUTES = (Public, ); }; };
		03B9E8F216C8B4C2002F2730 /* TURNSocket.m in Sources */ = {isa = PBXBuildFile; fileRef = 03B9E8F016C8B4C2002F2730 /* TURNSocket.m */; };
/* End PBXBuildFile section */

/* Begin PBXFileReference section */
		0315B1E516D192960007A0FA /* INSOCKSServer.h */ = {isa = PBXFileReference; fileEncoding = 4; lastKnownFileType = sourcecode.c.h; name = INSOCKSServer.h; path = INSOCKSServer/INSOCKSServer/Classes/INSOCKSServer.h; sourceTree = "<group>"; };
		0315B1E616D192960007A0FA /* INSOCKSServer.m */ = {isa = PBXFileReference; fileEncoding = 4; lastKnownFileType = sourcecode.c.objc; name = INSOCKSServer.m; path = INSOCKSServer/INSOCKSServer/Classes/INSOCKSServer.m; sourceTree = "<group>"; };
		0315B1EA16D198F80007A0FA /* PortMapper.h */ = {isa = PBXFileReference; fileEncoding = 4; lastKnownFileType = sourcecode.c.h; name = PortMapper.h; path = "XMPPFramework/XEP-0065 - SOCKS5/PortMapper.h"; sourceTree = "<group>"; };
		0315B1EB16D198F80007A0FA /* PortMapper.m */ = {isa = PBXFileReference; fileEncoding = 4; lastKnownFileType = sourcecode.c.objc; name = PortMapper.m; path = "XMPPFramework/XEP-0065 - SOCKS5/PortMapper.m"; sourceTree = "<group>"; };
		032D585A16C158A1009577E1 /* XMPPCapabilities.xcdatamodel */ = {isa = PBXFileReference; lastKnownFileType = wrapper.xcdatamodel; path = XMPPCapabilities.xcdatamodel; sourceTree = "<group>"; };
		032D585B16C158A1009577E1 /* XMPPCapabilitiesCoreDataStorage.h */ = {isa = PBXFileReference; fileEncoding = 4; lastKnownFileType = sourcecode.c.h; path = XMPPCapabilitiesCoreDataStorage.h; sourceTree = "<group>"; };
		032D585C16C158A1009577E1 /* XMPPCapabilitiesCoreDataStorage.m */ = {isa = PBXFileReference; fileEncoding = 4; lastKnownFileType = sourcecode.c.objc; path = XMPPCapabilitiesCoreDataStorage.m; sourceTree = "<group>"; };
		032D585D16C158A1009577E1 /* XMPPCapsCoreDataStorageObject.h */ = {isa = PBXFileReference; fileEncoding = 4; lastKnownFileType = sourcecode.c.h; path = XMPPCapsCoreDataStorageObject.h; sourceTree = "<group>"; };
		032D585E16C158A1009577E1 /* XMPPCapsCoreDataStorageObject.m */ = {isa = PBXFileReference; fileEncoding = 4; lastKnownFileType = sourcecode.c.objc; path = XMPPCapsCoreDataStorageObject.m; sourceTree = "<group>"; };
		032D585F16C158A1009577E1 /* XMPPCapsResourceCoreDataStorageObject.h */ = {isa = PBXFileReference; fileEncoding = 4; lastKnownFileType = sourcecode.c.h; path = XMPPCapsResourceCoreDataStorageObject.h; sourceTree = "<group>"; };
		032D586016C158A1009577E1 /* XMPPCapsResourceCoreDataStorageObject.m */ = {isa = PBXFileReference; fileEncoding = 4; lastKnownFileType = sourcecode.c.objc; path = XMPPCapsResourceCoreDataStorageObject.m; sourceTree = "<group>"; };
		032D586116C158A1009577E1 /* XMPPCapabilities.h */ = {isa = PBXFileReference; fileEncoding = 4; lastKnownFileType = sourcecode.c.h; path = XMPPCapabilities.h; sourceTree = "<group>"; };
		032D586216C158A1009577E1 /* XMPPCapabilities.m */ = {isa = PBXFileReference; fileEncoding = 4; lastKnownFileType = sourcecode.c.objc; path = XMPPCapabilities.m; sourceTree = "<group>"; };
		035B5B8316A363C90098CB09 /* XMPPFramework.framework */ = {isa = PBXFileReference; explicitFileType = wrapper.framework; includeInIndex = 0; path = XMPPFramework.framework; sourceTree = BUILT_PRODUCTS_DIR; };
		035B5BC416A364470098CB09 /* SystemConfiguration.framework */ = {isa = PBXFileReference; lastKnownFileType = wrapper.framework; name = SystemConfiguration.framework; path = System/Library/Frameworks/SystemConfiguration.framework; sourceTree = SDKROOT; };
		035B5BC716A3644D0098CB09 /* CoreLocation.framework */ = {isa = PBXFileReference; lastKnownFileType = wrapper.framework; name = CoreLocation.framework; path = System/Library/Frameworks/CoreLocation.framework; sourceTree = SDKROOT; };
		0371704316CA05F500EDE221 /* XMPPInBandBytestream.h */ = {isa = PBXFileReference; fileEncoding = 4; lastKnownFileType = sourcecode.c.h; name = XMPPInBandBytestream.h; path = "XEP-0047 - In-Band Bytestream/XMPPInBandBytestream.h"; sourceTree = "<group>"; };
		0371704416CA05F500EDE221 /* XMPPInBandBytestream.m */ = {isa = PBXFileReference; fileEncoding = 4; lastKnownFileType = sourcecode.c.objc; name = XMPPInBandBytestream.m; path = "XEP-0047 - In-Band Bytestream/XMPPInBandBytestream.m"; sourceTree = "<group>"; };
		0375AD0316C213530029EFF1 /* XMPPSIFileTransfer.h */ = {isa = PBXFileReference; fileEncoding = 4; lastKnownFileType = sourcecode.c.h; name = XMPPSIFileTransfer.h; path = "XEP-0096 - SI File Transfer/XMPPSIFileTransfer.h"; sourceTree = "<group>"; };
		0375AD0416C213530029EFF1 /* XMPPSIFileTransfer.m */ = {isa = PBXFileReference; fileEncoding = 4; lastKnownFileType = sourcecode.c.objc; name = XMPPSIFileTransfer.m; path = "XEP-0096 - SI File Transfer/XMPPSIFileTransfer.m"; sourceTree = "<group>"; };
		038C016E16C18EB700DC2924 /* XMPPSoftwareVersion.h */ = {isa = PBXFileReference; fileEncoding = 4; lastKnownFileType = sourcecode.c.h; name = XMPPSoftwareVersion.h; path = "XEP-0092 - Software Version/XMPPSoftwareVersion.h"; sourceTree = "<group>"; };
		038C016F16C18EB700DC2924 /* XMPPSoftwareVersion.m */ = {isa = PBXFileReference; fileEncoding = 4; lastKnownFileType = sourcecode.c.objc; name = XMPPSoftwareVersion.m; path = "XEP-0092 - Software Version/XMPPSoftwareVersion.m"; sourceTree = "<group>"; };
		038D5DC916C15C5A001593F1 /* XMPPCoreDataStorage.h */ = {isa = PBXFileReference; fileEncoding = 4; lastKnownFileType = sourcecode.c.h; path = XMPPCoreDataStorage.h; sourceTree = "<group>"; };
		038D5DCA16C15C5A001593F1 /* XMPPCoreDataStorage.m */ = {isa = PBXFileReference; fileEncoding = 4; lastKnownFileType = sourcecode.c.objc; path = XMPPCoreDataStorage.m; sourceTree = "<group>"; };
		038D5DCB16C15C5A001593F1 /* XMPPCoreDataStorageProtected.h */ = {isa = PBXFileReference; fileEncoding = 4; lastKnownFileType = sourcecode.c.h; path = XMPPCoreDataStorageProtected.h; sourceTree = "<group>"; };
		039366A7169D25D100986388 /* Cocoa.framework */ = {isa = PBXFileReference; lastKnownFileType = wrapper.framework; name = Cocoa.framework; path = System/Library/Frameworks/Cocoa.framework; sourceTree = SDKROOT; };
		039366AA169D25D100986388 /* AppKit.framework */ = {isa = PBXFileReference; lastKnownFileType = wrapper.framework; name = AppKit.framework; path = System/Library/Frameworks/AppKit.framework; sourceTree = SDKROOT; };
		039366AB169D25D100986388 /* CoreData.framework */ = {isa = PBXFileReference; lastKnownFileType = wrapper.framework; name = CoreData.framework; path = System/Library/Frameworks/CoreData.framework; sourceTree = SDKROOT; };
		039366AC169D25D100986388 /* Foundation.framework */ = {isa = PBXFileReference; lastKnownFileType = wrapper.framework; name = Foundation.framework; path = System/Library/Frameworks/Foundation.framework; sourceTree = SDKROOT; };
		039366AF169D25D100986388 /* XMPPFramework-Info.plist */ = {isa = PBXFileReference; lastKnownFileType = text.plist.xml; path = "XMPPFramework-Info.plist"; sourceTree = "<group>"; };
		039366B1169D25D100986388 /* en */ = {isa = PBXFileReference; lastKnownFileType = text.plist.strings; name = en; path = en.lproj/InfoPlist.strings; sourceTree = "<group>"; };
		039366B3169D25D100986388 /* XMPPFramework-Prefix.pch */ = {isa = PBXFileReference; lastKnownFileType = sourcecode.c.h; path = "XMPPFramework-Prefix.pch"; sourceTree = "<group>"; };
		039366B4169D25D100986388 /* XMPPFramework.h */ = {isa = PBXFileReference; lastKnownFileType = sourcecode.c.h; path = XMPPFramework.h; sourceTree = "<group>"; };
		039366BE169D26B300986388 /* XMPPDeprecatedDigestAuthentication.h */ = {isa = PBXFileReference; fileEncoding = 4; lastKnownFileType = sourcecode.c.h; path = XMPPDeprecatedDigestAuthentication.h; sourceTree = "<group>"; };
		039366BF169D26B300986388 /* XMPPDeprecatedDigestAuthentication.m */ = {isa = PBXFileReference; fileEncoding = 4; lastKnownFileType = sourcecode.c.objc; path = XMPPDeprecatedDigestAuthentication.m; sourceTree = "<group>"; };
		039366C1169D26B300986388 /* XMPPDeprecatedPlainAuthentication.h */ = {isa = PBXFileReference; fileEncoding = 4; lastKnownFileType = sourcecode.c.h; path = XMPPDeprecatedPlainAuthentication.h; sourceTree = "<group>"; };
		039366C2169D26B300986388 /* XMPPDeprecatedPlainAuthentication.m */ = {isa = PBXFileReference; fileEncoding = 4; lastKnownFileType = sourcecode.c.objc; path = XMPPDeprecatedPlainAuthentication.m; sourceTree = "<group>"; };
		039366C4169D26B300986388 /* XMPPDigestMD5Authentication.h */ = {isa = PBXFileReference; fileEncoding = 4; lastKnownFileType = sourcecode.c.h; path = XMPPDigestMD5Authentication.h; sourceTree = "<group>"; };
		039366C5169D26B300986388 /* XMPPDigestMD5Authentication.m */ = {isa = PBXFileReference; fileEncoding = 4; lastKnownFileType = sourcecode.c.objc; path = XMPPDigestMD5Authentication.m; sourceTree = "<group>"; };
		039366C7169D26B300986388 /* XMPPPlainAuthentication.h */ = {isa = PBXFileReference; fileEncoding = 4; lastKnownFileType = sourcecode.c.h; path = XMPPPlainAuthentication.h; sourceTree = "<group>"; };
		039366C8169D26B300986388 /* XMPPPlainAuthentication.m */ = {isa = PBXFileReference; fileEncoding = 4; lastKnownFileType = sourcecode.c.objc; path = XMPPPlainAuthentication.m; sourceTree = "<group>"; };
		039366C9169D26B300986388 /* XMPPSASLAuthentication.h */ = {isa = PBXFileReference; fileEncoding = 4; lastKnownFileType = sourcecode.c.h; path = XMPPSASLAuthentication.h; sourceTree = "<group>"; };
		039366CB169D26B300986388 /* NSData+XMPP.h */ = {isa = PBXFileReference; fileEncoding = 4; lastKnownFileType = sourcecode.c.h; path = "NSData+XMPP.h"; sourceTree = "<group>"; };
		039366CC169D26B300986388 /* NSData+XMPP.m */ = {isa = PBXFileReference; fileEncoding = 4; lastKnownFileType = sourcecode.c.objc; path = "NSData+XMPP.m"; sourceTree = "<group>"; };
		039366CD169D26B300986388 /* NSNumber+XMPP.h */ = {isa = PBXFileReference; fileEncoding = 4; lastKnownFileType = sourcecode.c.h; path = "NSNumber+XMPP.h"; sourceTree = "<group>"; };
		039366CE169D26B300986388 /* NSNumber+XMPP.m */ = {isa = PBXFileReference; fileEncoding = 4; lastKnownFileType = sourcecode.c.objc; path = "NSNumber+XMPP.m"; sourceTree = "<group>"; };
		039366CF169D26B300986388 /* NSXMLElement+XMPP.h */ = {isa = PBXFileReference; fileEncoding = 4; lastKnownFileType = sourcecode.c.h; path = "NSXMLElement+XMPP.h"; sourceTree = "<group>"; };
		039366D0169D26B300986388 /* NSXMLElement+XMPP.m */ = {isa = PBXFileReference; fileEncoding = 4; lastKnownFileType = sourcecode.c.objc; path = "NSXMLElement+XMPP.m"; sourceTree = "<group>"; };
		039366D5169D26B300986388 /* build-libidn.sh */ = {isa = PBXFileReference; fileEncoding = 4; lastKnownFileType = text.script.sh; path = "build-libidn.sh"; sourceTree = "<group>"; };
		039366D6169D26B300986388 /* idn-int.h */ = {isa = PBXFileReference; fileEncoding = 4; lastKnownFileType = sourcecode.c.h; path = "idn-int.h"; sourceTree = "<group>"; };
		039366D7169D26B300986388 /* libidn.a */ = {isa = PBXFileReference; lastKnownFileType = archive.ar; path = libidn.a; sourceTree = "<group>"; };
		039366D8169D26B300986388 /* LibIDN.h */ = {isa = PBXFileReference; fileEncoding = 4; lastKnownFileType = sourcecode.c.h; path = LibIDN.h; sourceTree = "<group>"; };
		039366D9169D26B300986388 /* LibIDN.m */ = {isa = PBXFileReference; fileEncoding = 4; lastKnownFileType = sourcecode.c.objc; path = LibIDN.m; sourceTree = "<group>"; };
		039366DA169D26B300986388 /* stringprep.h */ = {isa = PBXFileReference; fileEncoding = 4; lastKnownFileType = sourcecode.c.h; path = stringprep.h; sourceTree = "<group>"; };
		039366E0169D26B300986388 /* XMPPResourceMemoryStorageObject.h */ = {isa = PBXFileReference; fileEncoding = 4; lastKnownFileType = sourcecode.c.h; path = XMPPResourceMemoryStorageObject.h; sourceTree = "<group>"; };
		039366E1169D26B300986388 /* XMPPResourceMemoryStorageObject.m */ = {isa = PBXFileReference; fileEncoding = 4; lastKnownFileType = sourcecode.c.objc; path = XMPPResourceMemoryStorageObject.m; sourceTree = "<group>"; };
		039366E2169D26B300986388 /* XMPPRosterMemoryStorage.h */ = {isa = PBXFileReference; fileEncoding = 4; lastKnownFileType = sourcecode.c.h; path = XMPPRosterMemoryStorage.h; sourceTree = "<group>"; };
		039366E3169D26B300986388 /* XMPPRosterMemoryStorage.m */ = {isa = PBXFileReference; fileEncoding = 4; lastKnownFileType = sourcecode.c.objc; path = XMPPRosterMemoryStorage.m; sourceTree = "<group>"; };
		039366E4169D26B300986388 /* XMPPRosterMemoryStoragePrivate.h */ = {isa = PBXFileReference; fileEncoding = 4; lastKnownFileType = sourcecode.c.h; path = XMPPRosterMemoryStoragePrivate.h; sourceTree = "<group>"; };
		039366E5169D26B300986388 /* XMPPUserMemoryStorageObject.h */ = {isa = PBXFileReference; fileEncoding = 4; lastKnownFileType = sourcecode.c.h; path = XMPPUserMemoryStorageObject.h; sourceTree = "<group>"; };
		039366E6169D26B400986388 /* XMPPUserMemoryStorageObject.m */ = {isa = PBXFileReference; fileEncoding = 4; lastKnownFileType = sourcecode.c.objc; path = XMPPUserMemoryStorageObject.m; sourceTree = "<group>"; };
		039366E7169D26B400986388 /* XMPPResource.h */ = {isa = PBXFileReference; fileEncoding = 4; lastKnownFileType = sourcecode.c.h; path = XMPPResource.h; sourceTree = "<group>"; };
		039366E8169D26B400986388 /* XMPPRoster.h */ = {isa = PBXFileReference; fileEncoding = 4; lastKnownFileType = sourcecode.c.h; path = XMPPRoster.h; sourceTree = "<group>"; };
		039366E9169D26B400986388 /* XMPPRoster.m */ = {isa = PBXFileReference; fileEncoding = 4; lastKnownFileType = sourcecode.c.objc; path = XMPPRoster.m; sourceTree = "<group>"; };
		039366EA169D26B400986388 /* XMPPRosterPrivate.h */ = {isa = PBXFileReference; fileEncoding = 4; lastKnownFileType = sourcecode.c.h; path = XMPPRosterPrivate.h; sourceTree = "<group>"; };
		039366EB169D26B400986388 /* XMPPUser.h */ = {isa = PBXFileReference; fileEncoding = 4; lastKnownFileType = sourcecode.c.h; path = XMPPUser.h; sourceTree = "<group>"; };
		039366ED169D26B400986388 /* DDList.h */ = {isa = PBXFileReference; fileEncoding = 4; lastKnownFileType = sourcecode.c.h; path = DDList.h; sourceTree = "<group>"; };
		039366EE169D26B400986388 /* DDList.m */ = {isa = PBXFileReference; fileEncoding = 4; lastKnownFileType = sourcecode.c.objc; path = DDList.m; sourceTree = "<group>"; };
		039366EF169D26B400986388 /* GCDMulticastDelegate.h */ = {isa = PBXFileReference; fileEncoding = 4; lastKnownFileType = sourcecode.c.h; path = GCDMulticastDelegate.h; sourceTree = "<group>"; };
		039366F0169D26B400986388 /* GCDMulticastDelegate.m */ = {isa = PBXFileReference; fileEncoding = 4; lastKnownFileType = sourcecode.c.objc; path = GCDMulticastDelegate.m; sourceTree = "<group>"; };
		039366F1169D26B400986388 /* RFImageToDataTransformer.h */ = {isa = PBXFileReference; fileEncoding = 4; lastKnownFileType = sourcecode.c.h; path = RFImageToDataTransformer.h; sourceTree = "<group>"; };
		039366F2169D26B400986388 /* RFImageToDataTransformer.m */ = {isa = PBXFileReference; fileEncoding = 4; lastKnownFileType = sourcecode.c.objc; path = RFImageToDataTransformer.m; sourceTree = "<group>"; };
		039366F7169D26B400986388 /* XMPPvCardTemp.h */ = {isa = PBXFileReference; fileEncoding = 4; lastKnownFileType = sourcecode.c.h; path = XMPPvCardTemp.h; sourceTree = "<group>"; };
		039366F8169D26B400986388 /* XMPPvCardTemp.m */ = {isa = PBXFileReference; fileEncoding = 4; lastKnownFileType = sourcecode.c.objc; path = XMPPvCardTemp.m; sourceTree = "<group>"; };
		039366F9169D26B400986388 /* XMPPvCardTempAdr.h */ = {isa = PBXFileReference; fileEncoding = 4; lastKnownFileType = sourcecode.c.h; path = XMPPvCardTempAdr.h; sourceTree = "<group>"; };
		039366FA169D26B400986388 /* XMPPvCardTempAdr.m */ = {isa = PBXFileReference; fileEncoding = 4; lastKnownFileType = sourcecode.c.objc; path = XMPPvCardTempAdr.m; sourceTree = "<group>"; };
		039366FB169D26B400986388 /* XMPPvCardTempAdrTypes.h */ = {isa = PBXFileReference; fileEncoding = 4; lastKnownFileType = sourcecode.c.h; path = XMPPvCardTempAdrTypes.h; sourceTree = "<group>"; };
		039366FC169D26B400986388 /* XMPPvCardTempAdrTypes.m */ = {isa = PBXFileReference; fileEncoding = 4; lastKnownFileType = sourcecode.c.objc; path = XMPPvCardTempAdrTypes.m; sourceTree = "<group>"; };
		039366FD169D26B400986388 /* XMPPvCardTempBase.h */ = {isa = PBXFileReference; fileEncoding = 4; lastKnownFileType = sourcecode.c.h; path = XMPPvCardTempBase.h; sourceTree = "<group>"; };
		039366FE169D26B400986388 /* XMPPvCardTempBase.m */ = {isa = PBXFileReference; fileEncoding = 4; lastKnownFileType = sourcecode.c.objc; path = XMPPvCardTempBase.m; sourceTree = "<group>"; };
		039366FF169D26B400986388 /* XMPPvCardTempEmail.h */ = {isa = PBXFileReference; fileEncoding = 4; lastKnownFileType = sourcecode.c.h; path = XMPPvCardTempEmail.h; sourceTree = "<group>"; };
		03936700169D26B400986388 /* XMPPvCardTempEmail.m */ = {isa = PBXFileReference; fileEncoding = 4; lastKnownFileType = sourcecode.c.objc; path = XMPPvCardTempEmail.m; sourceTree = "<group>"; };
		03936701169D26B400986388 /* XMPPvCardTempLabel.h */ = {isa = PBXFileReference; fileEncoding = 4; lastKnownFileType = sourcecode.c.h; path = XMPPvCardTempLabel.h; sourceTree = "<group>"; };
		03936702169D26B400986388 /* XMPPvCardTempLabel.m */ = {isa = PBXFileReference; fileEncoding = 4; lastKnownFileType = sourcecode.c.objc; path = XMPPvCardTempLabel.m; sourceTree = "<group>"; };
		03936703169D26B400986388 /* XMPPvCardTempModule.h */ = {isa = PBXFileReference; fileEncoding = 4; lastKnownFileType = sourcecode.c.h; path = XMPPvCardTempModule.h; sourceTree = "<group>"; };
		03936704169D26B400986388 /* XMPPvCardTempModule.m */ = {isa = PBXFileReference; fileEncoding = 4; lastKnownFileType = sourcecode.c.objc; path = XMPPvCardTempModule.m; sourceTree = "<group>"; };
		03936705169D26B400986388 /* XMPPvCardTempTel.h */ = {isa = PBXFileReference; fileEncoding = 4; lastKnownFileType = sourcecode.c.h; path = XMPPvCardTempTel.h; sourceTree = "<group>"; };
		03936706169D26B400986388 /* XMPPvCardTempTel.m */ = {isa = PBXFileReference; fileEncoding = 4; lastKnownFileType = sourcecode.c.objc; path = XMPPvCardTempTel.m; sourceTree = "<group>"; };
		03936708169D26B400986388 /* XMPPMessage+XEP_0071.h */ = {isa = PBXFileReference; fileEncoding = 4; lastKnownFileType = sourcecode.c.h; path = "XMPPMessage+XEP_0071.h"; sourceTree = "<group>"; };
		03936709169D26B400986388 /* XMPPMessage+XEP_0071.m */ = {isa = PBXFileReference; fileEncoding = 4; lastKnownFileType = sourcecode.c.objc; path = "XMPPMessage+XEP_0071.m"; sourceTree = "<group>"; };
		0393670B169D26B400986388 /* NSDate+XMPPDateTimeProfiles.h */ = {isa = PBXFileReference; fileEncoding = 4; lastKnownFileType = sourcecode.c.h; path = "NSDate+XMPPDateTimeProfiles.h"; sourceTree = "<group>"; };
		0393670C169D26B400986388 /* NSDate+XMPPDateTimeProfiles.m */ = {isa = PBXFileReference; fileEncoding = 4; lastKnownFileType = sourcecode.c.objc; path = "NSDate+XMPPDateTimeProfiles.m"; sourceTree = "<group>"; };
		0393670D169D26B400986388 /* XMPPDateTimeProfiles.h */ = {isa = PBXFileReference; fileEncoding = 4; lastKnownFileType = sourcecode.c.h; path = XMPPDateTimeProfiles.h; sourceTree = "<group>"; };
		0393670E169D26B400986388 /* XMPPDateTimeProfiles.m */ = {isa = PBXFileReference; fileEncoding = 4; lastKnownFileType = sourcecode.c.objc; path = XMPPDateTimeProfiles.m; sourceTree = "<group>"; };
		03936710169D26B400986388 /* XMPPMessage+XEP_0085.h */ = {isa = PBXFileReference; fileEncoding = 4; lastKnownFileType = sourcecode.c.h; path = "XMPPMessage+XEP_0085.h"; sourceTree = "<group>"; };
		03936711169D26B400986388 /* XMPPMessage+XEP_0085.m */ = {isa = PBXFileReference; fileEncoding = 4; lastKnownFileType = sourcecode.c.objc; path = "XMPPMessage+XEP_0085.m"; sourceTree = "<group>"; };
		03936716169D26B400986388 /* XMPPPresence+XEP_0153.h */ = {isa = PBXFileReference; fileEncoding = 4; lastKnownFileType = sourcecode.c.h; path = "XMPPPresence+XEP_0153.h"; sourceTree = "<group>"; };
		03936717169D26B400986388 /* XMPPPresence+XEP_0153.m */ = {isa = PBXFileReference; fileEncoding = 4; lastKnownFileType = sourcecode.c.objc; path = "XMPPPresence+XEP_0153.m"; sourceTree = "<group>"; };
		03936719169D26B400986388 /* XMPPAutoPing.h */ = {isa = PBXFileReference; fileEncoding = 4; lastKnownFileType = sourcecode.c.h; path = XMPPAutoPing.h; sourceTree = "<group>"; };
		0393671A169D26B400986388 /* XMPPAutoPing.m */ = {isa = PBXFileReference; fileEncoding = 4; lastKnownFileType = sourcecode.c.objc; path = XMPPAutoPing.m; sourceTree = "<group>"; };
		0393671B169D26B400986388 /* XMPPPing.h */ = {isa = PBXFileReference; fileEncoding = 4; lastKnownFileType = sourcecode.c.h; path = XMPPPing.h; sourceTree = "<group>"; };
		0393671C169D26B400986388 /* XMPPPing.m */ = {isa = PBXFileReference; fileEncoding = 4; lastKnownFileType = sourcecode.c.objc; path = XMPPPing.m; sourceTree = "<group>"; };
		0393671E169D26B400986388 /* XMPPElement+Delay.h */ = {isa = PBXFileReference; fileEncoding = 4; lastKnownFileType = sourcecode.c.h; path = "XMPPElement+Delay.h"; sourceTree = "<group>"; };
		0393671F169D26B400986388 /* XMPPElement+Delay.m */ = {isa = PBXFileReference; fileEncoding = 4; lastKnownFileType = sourcecode.c.objc; path = "XMPPElement+Delay.m"; sourceTree = "<group>"; };
		03936721169D26B400986388 /* XMPP.h */ = {isa = PBXFileReference; fileEncoding = 4; lastKnownFileType = sourcecode.c.h; path = XMPP.h; sourceTree = "<group>"; };
		03936722169D26B400986388 /* XMPPElement.h */ = {isa = PBXFileReference; fileEncoding = 4; lastKnownFileType = sourcecode.c.h; path = XMPPElement.h; sourceTree = "<group>"; };
		03936723169D26B400986388 /* XMPPElement.m */ = {isa = PBXFileReference; fileEncoding = 4; lastKnownFileType = sourcecode.c.objc; path = XMPPElement.m; sourceTree = "<group>"; };
		03936724169D26B400986388 /* XMPPIDTracker.h */ = {isa = PBXFileReference; fileEncoding = 4; lastKnownFileType = sourcecode.c.h; path = XMPPIDTracker.h; sourceTree = "<group>"; };
		03936725169D26B400986388 /* XMPPIDTracker.m */ = {isa = PBXFileReference; fileEncoding = 4; lastKnownFileType = sourcecode.c.objc; path = XMPPIDTracker.m; sourceTree = "<group>"; };
		03936726169D26B400986388 /* XMPPInternal.h */ = {isa = PBXFileReference; fileEncoding = 4; lastKnownFileType = sourcecode.c.h; path = XMPPInternal.h; sourceTree = "<group>"; };
		03936727169D26B400986388 /* XMPPIQ.h */ = {isa = PBXFileReference; fileEncoding = 4; lastKnownFileType = sourcecode.c.h; path = XMPPIQ.h; sourceTree = "<group>"; };
		03936728169D26B400986388 /* XMPPIQ.m */ = {isa = PBXFileReference; fileEncoding = 4; lastKnownFileType = sourcecode.c.objc; path = XMPPIQ.m; sourceTree = "<group>"; };
		03936729169D26B400986388 /* XMPPJID.h */ = {isa = PBXFileReference; fileEncoding = 4; lastKnownFileType = sourcecode.c.h; path = XMPPJID.h; sourceTree = "<group>"; };
		0393672A169D26B400986388 /* XMPPJID.m */ = {isa = PBXFileReference; fileEncoding = 4; lastKnownFileType = sourcecode.c.objc; path = XMPPJID.m; sourceTree = "<group>"; };
		0393672B169D26B400986388 /* XMPPLogging.h */ = {isa = PBXFileReference; fileEncoding = 4; lastKnownFileType = sourcecode.c.h; path = XMPPLogging.h; sourceTree = "<group>"; };
		0393672C169D26B400986388 /* XMPPMessage.h */ = {isa = PBXFileReference; fileEncoding = 4; lastKnownFileType = sourcecode.c.h; path = XMPPMessage.h; sourceTree = "<group>"; };
		0393672D169D26B400986388 /* XMPPMessage.m */ = {isa = PBXFileReference; fileEncoding = 4; lastKnownFileType = sourcecode.c.objc; path = XMPPMessage.m; sourceTree = "<group>"; };
		0393672E169D26B400986388 /* XMPPModule.h */ = {isa = PBXFileReference; fileEncoding = 4; lastKnownFileType = sourcecode.c.h; path = XMPPModule.h; sourceTree = "<group>"; };
		0393672F169D26B400986388 /* XMPPModule.m */ = {isa = PBXFileReference; fileEncoding = 4; lastKnownFileType = sourcecode.c.objc; path = XMPPModule.m; sourceTree = "<group>"; };
		03936730169D26B400986388 /* XMPPParser.h */ = {isa = PBXFileReference; fileEncoding = 4; lastKnownFileType = sourcecode.c.h; path = XMPPParser.h; sourceTree = "<group>"; };
		03936731169D26B400986388 /* XMPPParser.m */ = {isa = PBXFileReference; fileEncoding = 4; lastKnownFileType = sourcecode.c.objc; path = XMPPParser.m; sourceTree = "<group>"; };
		03936732169D26B400986388 /* XMPPPresence.h */ = {isa = PBXFileReference; fileEncoding = 4; lastKnownFileType = sourcecode.c.h; path = XMPPPresence.h; sourceTree = "<group>"; };
		03936733169D26B400986388 /* XMPPPresence.m */ = {isa = PBXFileReference; fileEncoding = 4; lastKnownFileType = sourcecode.c.objc; path = XMPPPresence.m; sourceTree = "<group>"; };
		03936734169D26B400986388 /* XMPPSRVResolver.h */ = {isa = PBXFileReference; fileEncoding = 4; lastKnownFileType = sourcecode.c.h; path = XMPPSRVResolver.h; sourceTree = "<group>"; };
		03936735169D26B400986388 /* XMPPSRVResolver.m */ = {isa = PBXFileReference; fileEncoding = 4; lastKnownFileType = sourcecode.c.objc; path = XMPPSRVResolver.m; sourceTree = "<group>"; };
		03936736169D26B400986388 /* XMPPStream.h */ = {isa = PBXFileReference; fileEncoding = 4; lastKnownFileType = sourcecode.c.h; path = XMPPStream.h; sourceTree = "<group>"; };
		03936737169D26B400986388 /* XMPPStream.m */ = {isa = PBXFileReference; fileEncoding = 4; lastKnownFileType = sourcecode.c.objc; path = XMPPStream.m; sourceTree = "<group>"; };
		0393679F169D297E00986388 /* GCDAsyncSocket.h */ = {isa = PBXFileReference; fileEncoding = 4; lastKnownFileType = sourcecode.c.h; name = GCDAsyncSocket.h; path = GCDAsyncSocket/GCDAsyncSocket.h; sourceTree = "<group>"; };
		039367A0169D297E00986388 /* GCDAsyncSocket.m */ = {isa = PBXFileReference; fileEncoding = 4; lastKnownFileType = sourcecode.c.objc; name = GCDAsyncSocket.m; path = GCDAsyncSocket/GCDAsyncSocket.m; sourceTree = "<group>"; };
		039367A4169D298F00986388 /* DDAbstractDatabaseLogger.h */ = {isa = PBXFileReference; fileEncoding = 4; lastKnownFileType = sourcecode.c.h; name = DDAbstractDatabaseLogger.h; path = GCDAsyncSocket/CocoaLumberjack/DDAbstractDatabaseLogger.h; sourceTree = "<group>"; };
		039367A5169D298F00986388 /* DDAbstractDatabaseLogger.m */ = {isa = PBXFileReference; fileEncoding = 4; lastKnownFileType = sourcecode.c.objc; name = DDAbstractDatabaseLogger.m; path = GCDAsyncSocket/CocoaLumberjack/DDAbstractDatabaseLogger.m; sourceTree = "<group>"; };
		039367A6169D298F00986388 /* DDASLLogger.h */ = {isa = PBXFileReference; fileEncoding = 4; lastKnownFileType = sourcecode.c.h; name = DDASLLogger.h; path = GCDAsyncSocket/CocoaLumberjack/DDASLLogger.h; sourceTree = "<group>"; };
		039367A7169D298F00986388 /* DDASLLogger.m */ = {isa = PBXFileReference; fileEncoding = 4; lastKnownFileType = sourcecode.c.objc; name = DDASLLogger.m; path = GCDAsyncSocket/CocoaLumberjack/DDASLLogger.m; sourceTree = "<group>"; };
		039367A8169D298F00986388 /* DDFileLogger.h */ = {isa = PBXFileReference; fileEncoding = 4; lastKnownFileType = sourcecode.c.h; name = DDFileLogger.h; path = GCDAsyncSocket/CocoaLumberjack/DDFileLogger.h; sourceTree = "<group>"; };
		039367A9169D298F00986388 /* DDFileLogger.m */ = {isa = PBXFileReference; fileEncoding = 4; lastKnownFileType = sourcecode.c.objc; name = DDFileLogger.m; path = GCDAsyncSocket/CocoaLumberjack/DDFileLogger.m; sourceTree = "<group>"; };
		039367AA169D298F00986388 /* DDLog.h */ = {isa = PBXFileReference; fileEncoding = 4; lastKnownFileType = sourcecode.c.h; name = DDLog.h; path = GCDAsyncSocket/CocoaLumberjack/DDLog.h; sourceTree = "<group>"; };
		039367AB169D298F00986388 /* DDLog.m */ = {isa = PBXFileReference; fileEncoding = 4; lastKnownFileType = sourcecode.c.objc; name = DDLog.m; path = GCDAsyncSocket/CocoaLumberjack/DDLog.m; sourceTree = "<group>"; };
		039367AC169D298F00986388 /* DDTTYLogger.h */ = {isa = PBXFileReference; fileEncoding = 4; lastKnownFileType = sourcecode.c.h; name = DDTTYLogger.h; path = GCDAsyncSocket/CocoaLumberjack/DDTTYLogger.h; sourceTree = "<group>"; };
		039367AD169D298F00986388 /* DDTTYLogger.m */ = {isa = PBXFileReference; fileEncoding = 4; lastKnownFileType = sourcecode.c.objc; name = DDTTYLogger.m; path = GCDAsyncSocket/CocoaLumberjack/DDTTYLogger.m; sourceTree = "<group>"; };
		039367F3169D2C8C00986388 /* Security.framework */ = {isa = PBXFileReference; lastKnownFileType = wrapper.framework; name = Security.framework; path = System/Library/Frameworks/Security.framework; sourceTree = SDKROOT; };
		03936804169D2CE800986388 /* libresolv.dylib */ = {isa = PBXFileReference; lastKnownFileType = "compiled.mach-o.dylib"; name = libresolv.dylib; path = usr/lib/libresolv.dylib; sourceTree = SDKROOT; };
		03936806169D2D2700986388 /* libxml2.dylib */ = {isa = PBXFileReference; lastKnownFileType = "compiled.mach-o.dylib"; name = libxml2.dylib; path = usr/lib/libxml2.dylib; sourceTree = SDKROOT; };
		03B9E8EF16C8B4C2002F2730 /* TURNSocket.h */ = {isa = PBXFileReference; fileEncoding = 4; lastKnownFileType = sourcecode.c.h; name = TURNSocket.h; path = "XMPPFramework/XEP-0065 - SOCKS5/TURNSocket.h"; sourceTree = SOURCE_ROOT; };
		03B9E8F016C8B4C2002F2730 /* TURNSocket.m */ = {isa = PBXFileReference; fileEncoding = 4; lastKnownFileType = sourcecode.c.objc; name = TURNSocket.m; path = "XMPPFramework/XEP-0065 - SOCKS5/TURNSocket.m"; sourceTree = SOURCE_ROOT; };
/* End PBXFileReference section */

/* Begin PBXFrameworksBuildPhase section */
		035B5B7F16A363C90098CB09 /* Frameworks */ = {
			isa = PBXFrameworksBuildPhase;
			buildActionMask = 2147483647;
			files = (
				035B5BC916A364EE0098CB09 /* libresolv.dylib in Frameworks */,
				035B5BC816A3644D0098CB09 /* CoreLocation.framework in Frameworks */,
				035B5BC616A3644A0098CB09 /* Security.framework in Frameworks */,
				035B5BC516A364470098CB09 /* SystemConfiguration.framework in Frameworks */,
				035B5B8416A363C90098CB09 /* Cocoa.framework in Frameworks */,
				035B5BCA16A365350098CB09 /* libidn.a in Frameworks */,
			);
			runOnlyForDeploymentPostprocessing = 0;
		};
/* End PBXFrameworksBuildPhase section */

/* Begin PBXGroup section */
		0315B1E416D1925D0007A0FA /* INSOCKSServer */ = {
			isa = PBXGroup;
			children = (
				0315B1E516D192960007A0FA /* INSOCKSServer.h */,
				0315B1E616D192960007A0FA /* INSOCKSServer.m */,
			);
			name = INSOCKSServer;
			sourceTree = "<group>";
		};
		0315B1E916D198D70007A0FA /* PortMapper */ = {
			isa = PBXGroup;
			children = (
				0315B1EA16D198F80007A0FA /* PortMapper.h */,
				0315B1EB16D198F80007A0FA /* PortMapper.m */,
			);
			name = PortMapper;
			sourceTree = "<group>";
		};
		032D585816C158A1009577E1 /* XEP-0115 - Capabilities */ = {
			isa = PBXGroup;
			children = (
				032D585916C158A1009577E1 /* CoreDataStorage */,
				032D586116C158A1009577E1 /* XMPPCapabilities.h */,
				032D586216C158A1009577E1 /* XMPPCapabilities.m */,
			);
			path = "XEP-0115 - Capabilities";
			sourceTree = "<group>";
		};
		032D585916C158A1009577E1 /* CoreDataStorage */ = {
			isa = PBXGroup;
			children = (
				032D585A16C158A1009577E1 /* XMPPCapabilities.xcdatamodel */,
				032D585B16C158A1009577E1 /* XMPPCapabilitiesCoreDataStorage.h */,
				032D585C16C158A1009577E1 /* XMPPCapabilitiesCoreDataStorage.m */,
				032D585D16C158A1009577E1 /* XMPPCapsCoreDataStorageObject.h */,
				032D585E16C158A1009577E1 /* XMPPCapsCoreDataStorageObject.m */,
				032D585F16C158A1009577E1 /* XMPPCapsResourceCoreDataStorageObject.h */,
				032D586016C158A1009577E1 /* XMPPCapsResourceCoreDataStorageObject.m */,
			);
			path = CoreDataStorage;
			sourceTree = "<group>";
		};
		032D586C16C158AB009577E1 /* Core Data */ = {
			isa = PBXGroup;
			children = (
				038D5DC916C15C5A001593F1 /* XMPPCoreDataStorage.h */,
				038D5DCA16C15C5A001593F1 /* XMPPCoreDataStorage.m */,
				038D5DCB16C15C5A001593F1 /* XMPPCoreDataStorageProtected.h */,
			);
			path = "Core Data";
			sourceTree = "<group>";
		};
		0371704216CA05CA00EDE221 /* XEP-0047 - In-Band Bytestream */ = {
			isa = PBXGroup;
			children = (
				0371704316CA05F500EDE221 /* XMPPInBandBytestream.h */,
				0371704416CA05F500EDE221 /* XMPPInBandBytestream.m */,
			);
			name = "XEP-0047 - In-Band Bytestream";
			sourceTree = "<group>";
		};
		0375AD0216C213300029EFF1 /* XEP-0096 - SI File Transfer */ = {
			isa = PBXGroup;
			children = (
				0375AD0316C213530029EFF1 /* XMPPSIFileTransfer.h */,
				0375AD0416C213530029EFF1 /* XMPPSIFileTransfer.m */,
			);
			name = "XEP-0096 - SI File Transfer";
			sourceTree = "<group>";
		};
		038C016D16C18E8500DC2924 /* XEP-0092 - Software Version */ = {
			isa = PBXGroup;
			children = (
				038C016E16C18EB700DC2924 /* XMPPSoftwareVersion.h */,
				038C016F16C18EB700DC2924 /* XMPPSoftwareVersion.m */,
			);
			name = "XEP-0092 - Software Version";
			sourceTree = "<group>";
		};
		0393669A169D25D100986388 = {
			isa = PBXGroup;
			children = (
				0393679D169D26B900986388 /* External */,
				039366AD169D25D100986388 /* XMPPFramework */,
				039366A6169D25D100986388 /* Frameworks */,
				039366A5169D25D100986388 /* Products */,
			);
			sourceTree = "<group>";
		};
		039366A5169D25D100986388 /* Products */ = {
			isa = PBXGroup;
			children = (
				035B5B8316A363C90098CB09 /* XMPPFramework.framework */,
			);
			name = Products;
			sourceTree = "<group>";
		};
		039366A6169D25D100986388 /* Frameworks */ = {
			isa = PBXGroup;
			children = (
				035B5BC716A3644D0098CB09 /* CoreLocation.framework */,
				035B5BC416A364470098CB09 /* SystemConfiguration.framework */,
				039367F3169D2C8C00986388 /* Security.framework */,
				03936806169D2D2700986388 /* libxml2.dylib */,
				03936804169D2CE800986388 /* libresolv.dylib */,
				039366A7169D25D100986388 /* Cocoa.framework */,
				039366A9169D25D100986388 /* Other Frameworks */,
			);
			name = Frameworks;
			sourceTree = "<group>";
		};
		039366A9169D25D100986388 /* Other Frameworks */ = {
			isa = PBXGroup;
			children = (
				039366AA169D25D100986388 /* AppKit.framework */,
				039366AB169D25D100986388 /* CoreData.framework */,
				039366AC169D25D100986388 /* Foundation.framework */,
			);
			name = "Other Frameworks";
			sourceTree = "<group>";
		};
		039366AD169D25D100986388 /* XMPPFramework */ = {
			isa = PBXGroup;
			children = (
				039366B4169D25D100986388 /* XMPPFramework.h */,
				039366BC169D26B300986388 /* Authentication */,
				039366CA169D26B300986388 /* Categories */,
				039366D4169D26B300986388 /* LibIDN */,
				039366DE169D26B300986388 /* Roster */,
				039366EC169D26B400986388 /* Utilities */,
				032D586C16C158AB009577E1 /* Core Data */,
				038C016D16C18E8500DC2924 /* XEP-0092 - Software Version */,
				032D585816C158A1009577E1 /* XEP-0115 - Capabilities */,
				039366F6169D26B400986388 /* XEP-0054 - vCard */,
				03936707169D26B400986388 /* XEP-0071 - XHTML */,
				0393670A169D26B400986388 /* XEP-0082 - Date and Time */,
				0393670F169D26B400986388 /* XEP-0085 - Chat State */,
				03936715169D26B400986388 /* XEP-0153 - Avatars */,
				03936718169D26B400986388 /* XEP-0199 - Ping */,
				0393671D169D26B400986388 /* XEP-0203 - Delay */,
				0375AD0216C213300029EFF1 /* XEP-0096 - SI File Transfer */,
				03B9E8EE16C8B4B0002F2730 /* XEP-0065 - SOCKS5 */,
				0371704216CA05CA00EDE221 /* XEP-0047 - In-Band Bytestream */,
				03936720169D26B400986388 /* XMPP Core */,
				039366AE169D25D100986388 /* Supporting Files */,
			);
			path = XMPPFramework;
			sourceTree = "<group>";
		};
		039366AE169D25D100986388 /* Supporting Files */ = {
			isa = PBXGroup;
			children = (
				039366AF169D25D100986388 /* XMPPFramework-Info.plist */,
				039366B0169D25D100986388 /* InfoPlist.strings */,
				039366B3169D25D100986388 /* XMPPFramework-Prefix.pch */,
			);
			name = "Supporting Files";
			sourceTree = "<group>";
		};
		039366BC169D26B300986388 /* Authentication */ = {
			isa = PBXGroup;
			children = (
				039366BD169D26B300986388 /* Deprecated-Digest */,
				039366C0169D26B300986388 /* Deprecated-Plain */,
				039366C3169D26B300986388 /* Digest-MD5 */,
				039366C6169D26B300986388 /* Plain */,
				039366C9169D26B300986388 /* XMPPSASLAuthentication.h */,
			);
			path = Authentication;
			sourceTree = "<group>";
		};
		039366BD169D26B300986388 /* Deprecated-Digest */ = {
			isa = PBXGroup;
			children = (
				039366BE169D26B300986388 /* XMPPDeprecatedDigestAuthentication.h */,
				039366BF169D26B300986388 /* XMPPDeprecatedDigestAuthentication.m */,
			);
			path = "Deprecated-Digest";
			sourceTree = "<group>";
		};
		039366C0169D26B300986388 /* Deprecated-Plain */ = {
			isa = PBXGroup;
			children = (
				039366C1169D26B300986388 /* XMPPDeprecatedPlainAuthentication.h */,
				039366C2169D26B300986388 /* XMPPDeprecatedPlainAuthentication.m */,
			);
			path = "Deprecated-Plain";
			sourceTree = "<group>";
		};
		039366C3169D26B300986388 /* Digest-MD5 */ = {
			isa = PBXGroup;
			children = (
				039366C4169D26B300986388 /* XMPPDigestMD5Authentication.h */,
				039366C5169D26B300986388 /* XMPPDigestMD5Authentication.m */,
			);
			path = "Digest-MD5";
			sourceTree = "<group>";
		};
		039366C6169D26B300986388 /* Plain */ = {
			isa = PBXGroup;
			children = (
				039366C7169D26B300986388 /* XMPPPlainAuthentication.h */,
				039366C8169D26B300986388 /* XMPPPlainAuthentication.m */,
			);
			path = Plain;
			sourceTree = "<group>";
		};
		039366CA169D26B300986388 /* Categories */ = {
			isa = PBXGroup;
			children = (
				039366CB169D26B300986388 /* NSData+XMPP.h */,
				039366CC169D26B300986388 /* NSData+XMPP.m */,
				039366CD169D26B300986388 /* NSNumber+XMPP.h */,
				039366CE169D26B300986388 /* NSNumber+XMPP.m */,
				039366CF169D26B300986388 /* NSXMLElement+XMPP.h */,
				039366D0169D26B300986388 /* NSXMLElement+XMPP.m */,
			);
			path = Categories;
			sourceTree = "<group>";
		};
		039366D4169D26B300986388 /* LibIDN */ = {
			isa = PBXGroup;
			children = (
				039366D5169D26B300986388 /* build-libidn.sh */,
				039366D6169D26B300986388 /* idn-int.h */,
				039366D7169D26B300986388 /* libidn.a */,
				039366D8169D26B300986388 /* LibIDN.h */,
				039366D9169D26B300986388 /* LibIDN.m */,
				039366DA169D26B300986388 /* stringprep.h */,
			);
			path = LibIDN;
			sourceTree = "<group>";
		};
		039366DE169D26B300986388 /* Roster */ = {
			isa = PBXGroup;
			children = (
				039366DF169D26B300986388 /* MemoryStorage */,
				039366E7169D26B400986388 /* XMPPResource.h */,
				039366E8169D26B400986388 /* XMPPRoster.h */,
				039366E9169D26B400986388 /* XMPPRoster.m */,
				039366EA169D26B400986388 /* XMPPRosterPrivate.h */,
				039366EB169D26B400986388 /* XMPPUser.h */,
			);
			path = Roster;
			sourceTree = "<group>";
		};
		039366DF169D26B300986388 /* MemoryStorage */ = {
			isa = PBXGroup;
			children = (
				039366E0169D26B300986388 /* XMPPResourceMemoryStorageObject.h */,
				039366E1169D26B300986388 /* XMPPResourceMemoryStorageObject.m */,
				039366E2169D26B300986388 /* XMPPRosterMemoryStorage.h */,
				039366E3169D26B300986388 /* XMPPRosterMemoryStorage.m */,
				039366E4169D26B300986388 /* XMPPRosterMemoryStoragePrivate.h */,
				039366E5169D26B300986388 /* XMPPUserMemoryStorageObject.h */,
				039366E6169D26B400986388 /* XMPPUserMemoryStorageObject.m */,
			);
			path = MemoryStorage;
			sourceTree = "<group>";
		};
		039366EC169D26B400986388 /* Utilities */ = {
			isa = PBXGroup;
			children = (
				039366ED169D26B400986388 /* DDList.h */,
				039366EE169D26B400986388 /* DDList.m */,
				039366EF169D26B400986388 /* GCDMulticastDelegate.h */,
				039366F0169D26B400986388 /* GCDMulticastDelegate.m */,
				039366F1169D26B400986388 /* RFImageToDataTransformer.h */,
				039366F2169D26B400986388 /* RFImageToDataTransformer.m */,
			);
			path = Utilities;
			sourceTree = "<group>";
		};
		039366F6169D26B400986388 /* XEP-0054 - vCard */ = {
			isa = PBXGroup;
			children = (
				039366F7169D26B400986388 /* XMPPvCardTemp.h */,
				039366F8169D26B400986388 /* XMPPvCardTemp.m */,
				039366F9169D26B400986388 /* XMPPvCardTempAdr.h */,
				039366FA169D26B400986388 /* XMPPvCardTempAdr.m */,
				039366FB169D26B400986388 /* XMPPvCardTempAdrTypes.h */,
				039366FC169D26B400986388 /* XMPPvCardTempAdrTypes.m */,
				039366FD169D26B400986388 /* XMPPvCardTempBase.h */,
				039366FE169D26B400986388 /* XMPPvCardTempBase.m */,
				039366FF169D26B400986388 /* XMPPvCardTempEmail.h */,
				03936700169D26B400986388 /* XMPPvCardTempEmail.m */,
				03936701169D26B400986388 /* XMPPvCardTempLabel.h */,
				03936702169D26B400986388 /* XMPPvCardTempLabel.m */,
				03936703169D26B400986388 /* XMPPvCardTempModule.h */,
				03936704169D26B400986388 /* XMPPvCardTempModule.m */,
				03936705169D26B400986388 /* XMPPvCardTempTel.h */,
				03936706169D26B400986388 /* XMPPvCardTempTel.m */,
			);
			path = "XEP-0054 - vCard";
			sourceTree = "<group>";
		};
		03936707169D26B400986388 /* XEP-0071 - XHTML */ = {
			isa = PBXGroup;
			children = (
				03936708169D26B400986388 /* XMPPMessage+XEP_0071.h */,
				03936709169D26B400986388 /* XMPPMessage+XEP_0071.m */,
			);
			path = "XEP-0071 - XHTML";
			sourceTree = "<group>";
		};
		0393670A169D26B400986388 /* XEP-0082 - Date and Time */ = {
			isa = PBXGroup;
			children = (
				0393670B169D26B400986388 /* NSDate+XMPPDateTimeProfiles.h */,
				0393670C169D26B400986388 /* NSDate+XMPPDateTimeProfiles.m */,
				0393670D169D26B400986388 /* XMPPDateTimeProfiles.h */,
				0393670E169D26B400986388 /* XMPPDateTimeProfiles.m */,
			);
			path = "XEP-0082 - Date and Time";
			sourceTree = "<group>";
		};
		0393670F169D26B400986388 /* XEP-0085 - Chat State */ = {
			isa = PBXGroup;
			children = (
				03936710169D26B400986388 /* XMPPMessage+XEP_0085.h */,
				03936711169D26B400986388 /* XMPPMessage+XEP_0085.m */,
			);
			path = "XEP-0085 - Chat State";
			sourceTree = "<group>";
		};
		03936715169D26B400986388 /* XEP-0153 - Avatars */ = {
			isa = PBXGroup;
			children = (
				03936716169D26B400986388 /* XMPPPresence+XEP_0153.h */,
				03936717169D26B400986388 /* XMPPPresence+XEP_0153.m */,
			);
			path = "XEP-0153 - Avatars";
			sourceTree = "<group>";
		};
		03936718169D26B400986388 /* XEP-0199 - Ping */ = {
			isa = PBXGroup;
			children = (
				03936719169D26B400986388 /* XMPPAutoPing.h */,
				0393671A169D26B400986388 /* XMPPAutoPing.m */,
				0393671B169D26B400986388 /* XMPPPing.h */,
				0393671C169D26B400986388 /* XMPPPing.m */,
			);
			path = "XEP-0199 - Ping";
			sourceTree = "<group>";
		};
		0393671D169D26B400986388 /* XEP-0203 - Delay */ = {
			isa = PBXGroup;
			children = (
				0393671E169D26B400986388 /* XMPPElement+Delay.h */,
				0393671F169D26B400986388 /* XMPPElement+Delay.m */,
			);
			path = "XEP-0203 - Delay";
			sourceTree = "<group>";
		};
		03936720169D26B400986388 /* XMPP Core */ = {
			isa = PBXGroup;
			children = (
				03936721169D26B400986388 /* XMPP.h */,
				03936722169D26B400986388 /* XMPPElement.h */,
				03936723169D26B400986388 /* XMPPElement.m */,
				03936724169D26B400986388 /* XMPPIDTracker.h */,
				03936725169D26B400986388 /* XMPPIDTracker.m */,
				03936726169D26B400986388 /* XMPPInternal.h */,
				03936727169D26B400986388 /* XMPPIQ.h */,
				03936728169D26B400986388 /* XMPPIQ.m */,
				03936729169D26B400986388 /* XMPPJID.h */,
				0393672A169D26B400986388 /* XMPPJID.m */,
				0393672B169D26B400986388 /* XMPPLogging.h */,
				0393672C169D26B400986388 /* XMPPMessage.h */,
				0393672D169D26B400986388 /* XMPPMessage.m */,
				0393672E169D26B400986388 /* XMPPModule.h */,
				0393672F169D26B400986388 /* XMPPModule.m */,
				03936730169D26B400986388 /* XMPPParser.h */,
				03936731169D26B400986388 /* XMPPParser.m */,
				03936732169D26B400986388 /* XMPPPresence.h */,
				03936733169D26B400986388 /* XMPPPresence.m */,
				03936734169D26B400986388 /* XMPPSRVResolver.h */,
				03936735169D26B400986388 /* XMPPSRVResolver.m */,
				03936736169D26B400986388 /* XMPPStream.h */,
				03936737169D26B400986388 /* XMPPStream.m */,
			);
			path = "XMPP Core";
			sourceTree = "<group>";
		};
		0393679D169D26B900986388 /* External */ = {
			isa = PBXGroup;
			children = (
				0315B1E916D198D70007A0FA /* PortMapper */,
				0315B1E416D1925D0007A0FA /* INSOCKSServer */,
				039367A3169D297F00986388 /* CocoaLumberjack */,
				0393679E169D297600986388 /* GCDAsyncSocket */,
			);
			name = External;
			sourceTree = "<group>";
		};
		0393679E169D297600986388 /* GCDAsyncSocket */ = {
			isa = PBXGroup;
			children = (
				0393679F169D297E00986388 /* GCDAsyncSocket.h */,
				039367A0169D297E00986388 /* GCDAsyncSocket.m */,
			);
			name = GCDAsyncSocket;
			sourceTree = "<group>";
		};
		039367A3169D297F00986388 /* CocoaLumberjack */ = {
			isa = PBXGroup;
			children = (
				039367A4169D298F00986388 /* DDAbstractDatabaseLogger.h */,
				039367A5169D298F00986388 /* DDAbstractDatabaseLogger.m */,
				039367A6169D298F00986388 /* DDASLLogger.h */,
				039367A7169D298F00986388 /* DDASLLogger.m */,
				039367A8169D298F00986388 /* DDFileLogger.h */,
				039367A9169D298F00986388 /* DDFileLogger.m */,
				039367AA169D298F00986388 /* DDLog.h */,
				039367AB169D298F00986388 /* DDLog.m */,
				039367AC169D298F00986388 /* DDTTYLogger.h */,
				039367AD169D298F00986388 /* DDTTYLogger.m */,
			);
			name = CocoaLumberjack;
			sourceTree = "<group>";
		};
		03B9E8EE16C8B4B0002F2730 /* XEP-0065 - SOCKS5 */ = {
			isa = PBXGroup;
			children = (
				03B9E8EF16C8B4C2002F2730 /* TURNSocket.h */,
				03B9E8F016C8B4C2002F2730 /* TURNSocket.m */,
			);
			name = "XEP-0065 - SOCKS5";
			path = ..;
			sourceTree = "<group>";
		};
/* End PBXGroup section */

/* Begin PBXHeadersBuildPhase section */
		035B5B8016A363C90098CB09 /* Headers */ = {
			isa = PBXHeadersBuildPhase;
			buildActionMask = 2147483647;
			files = (
				035B5BD016A365830098CB09 /* GCDAsyncSocket.h in Headers */,
				035B5BD116A365830098CB09 /* XMPPFramework.h in Headers */,
				035B5BD216A365830098CB09 /* XMPPDeprecatedDigestAuthentication.h in Headers */,
				035B5BD316A365830098CB09 /* XMPPDeprecatedPlainAuthentication.h in Headers */,
				035B5BD416A365830098CB09 /* XMPPDigestMD5Authentication.h in Headers */,
				035B5BD516A365830098CB09 /* XMPPPlainAuthentication.h in Headers */,
				035B5BD616A365830098CB09 /* XMPPSASLAuthentication.h in Headers */,
				035B5BD916A365830098CB09 /* NSXMLElement+XMPP.h in Headers */,
				035B5BDD16A365830098CB09 /* XMPPResourceMemoryStorageObject.h in Headers */,
				035B5BDE16A365830098CB09 /* XMPPRosterMemoryStorage.h in Headers */,
				035B5BE016A365830098CB09 /* XMPPUserMemoryStorageObject.h in Headers */,
				035B5BE116A365830098CB09 /* XMPPResource.h in Headers */,
				035B5BE216A365830098CB09 /* XMPPRoster.h in Headers */,
				035B5BE416A365830098CB09 /* XMPPUser.h in Headers */,
				035B5BE816A365830098CB09 /* XMPPvCardTemp.h in Headers */,
				035B5BE916A365830098CB09 /* XMPPvCardTempAdr.h in Headers */,
				035B5BEA16A365830098CB09 /* XMPPvCardTempAdrTypes.h in Headers */,
				035B5BEB16A365830098CB09 /* XMPPvCardTempBase.h in Headers */,
				035B5BEC16A365830098CB09 /* XMPPvCardTempEmail.h in Headers */,
				035B5BED16A365830098CB09 /* XMPPvCardTempLabel.h in Headers */,
				035B5BEE16A365830098CB09 /* XMPPvCardTempModule.h in Headers */,
				035B5BEF16A365830098CB09 /* XMPPvCardTempTel.h in Headers */,
				035B5BF016A365830098CB09 /* XMPPMessage+XEP_0071.h in Headers */,
				035B5BF316A365830098CB09 /* XMPPMessage+XEP_0085.h in Headers */,
				035B5BF416A365830098CB09 /* XMPPPresence+XEP_0153.h in Headers */,
				035B5BF516A365830098CB09 /* XMPPAutoPing.h in Headers */,
				035B5BF616A365830098CB09 /* XMPPPing.h in Headers */,
				035B5BF816A365830098CB09 /* XMPP.h in Headers */,
				035B5BF916A365830098CB09 /* XMPPElement.h in Headers */,
				035B5BFC16A365830098CB09 /* XMPPIQ.h in Headers */,
				035B5BFD16A365830098CB09 /* XMPPJID.h in Headers */,
				035B5BFF16A365830098CB09 /* XMPPMessage.h in Headers */,
				035B5C0016A365830098CB09 /* XMPPModule.h in Headers */,
				035B5C0116A365830098CB09 /* XMPPParser.h in Headers */,
				035B5C0216A365830098CB09 /* XMPPPresence.h in Headers */,
				035B5BE616A365830098CB09 /* GCDMulticastDelegate.h in Headers */,
				035B5C0416A365830098CB09 /* XMPPStream.h in Headers */,
				035B5BCB16A365830098CB09 /* DDAbstractDatabaseLogger.h in Headers */,
				035B5BCC16A365830098CB09 /* DDASLLogger.h in Headers */,
				035B5BCD16A365830098CB09 /* DDFileLogger.h in Headers */,
				035B5BCE16A365830098CB09 /* DDLog.h in Headers */,
				035B5BCF16A365830098CB09 /* DDTTYLogger.h in Headers */,
				035B5BD716A365830098CB09 /* NSData+XMPP.h in Headers */,
				035B5BD816A365830098CB09 /* NSNumber+XMPP.h in Headers */,
				035B5BDA16A365830098CB09 /* idn-int.h in Headers */,
				035B5BDB16A365830098CB09 /* LibIDN.h in Headers */,
				035B5BDC16A365830098CB09 /* stringprep.h in Headers */,
				035B5BDF16A365830098CB09 /* XMPPRosterMemoryStoragePrivate.h in Headers */,
				035B5BE316A365830098CB09 /* XMPPRosterPrivate.h in Headers */,
				035B5BE516A365830098CB09 /* DDList.h in Headers */,
				035B5BE716A365830098CB09 /* RFImageToDataTransformer.h in Headers */,
				035B5BF116A365830098CB09 /* NSDate+XMPPDateTimeProfiles.h in Headers */,
				035B5BF216A365830098CB09 /* XMPPDateTimeProfiles.h in Headers */,
				035B5BF716A365830098CB09 /* XMPPElement+Delay.h in Headers */,
				035B5BFA16A365830098CB09 /* XMPPIDTracker.h in Headers */,
				035B5BFB16A365830098CB09 /* XMPPInternal.h in Headers */,
				035B5BFE16A365830098CB09 /* XMPPLogging.h in Headers */,
				035B5C0316A365830098CB09 /* XMPPSRVResolver.h in Headers */,
				032D586416C158A1009577E1 /* XMPPCapabilitiesCoreDataStorage.h in Headers */,
				032D586616C158A1009577E1 /* XMPPCapsCoreDataStorageObject.h in Headers */,
				032D586816C158A1009577E1 /* XMPPCapsResourceCoreDataStorageObject.h in Headers */,
				032D586A16C158A1009577E1 /* XMPPCapabilities.h in Headers */,
				038D5DCC16C15C5A001593F1 /* XMPPCoreDataStorage.h in Headers */,
				038D5DCE16C15C5A001593F1 /* XMPPCoreDataStorageProtected.h in Headers */,
				038C017016C18EB700DC2924 /* XMPPSoftwareVersion.h in Headers */,
				0375AD0516C213530029EFF1 /* XMPPSIFileTransfer.h in Headers */,
				03B9E8F116C8B4C2002F2730 /* TURNSocket.h in Headers */,
				0371704516CA05F500EDE221 /* XMPPInBandBytestream.h in Headers */,
				0315B1E716D192960007A0FA /* INSOCKSServer.h in Headers */,
				0315B1EC16D198F80007A0FA /* PortMapper.h in Headers */,
			);
			runOnlyForDeploymentPostprocessing = 0;
		};
/* End PBXHeadersBuildPhase section */

/* Begin PBXNativeTarget section */
		035B5B8216A363C90098CB09 /* XMPPFramework */ = {
			isa = PBXNativeTarget;
			buildConfigurationList = 035B5B8F16A363C90098CB09 /* Build configuration list for PBXNativeTarget "XMPPFramework" */;
			buildPhases = (
				035B5B7E16A363C90098CB09 /* Sources */,
				035B5B7F16A363C90098CB09 /* Frameworks */,
				035B5B8016A363C90098CB09 /* Headers */,
				035B5B8116A363C90098CB09 /* Resources */,
			);
			buildRules = (
			);
			dependencies = (
			);
			name = XMPPFramework;
			productName = XMPPFramework;
			productReference = 035B5B8316A363C90098CB09 /* XMPPFramework.framework */;
			productType = "com.apple.product-type.framework";
		};
/* End PBXNativeTarget section */

/* Begin PBXProject section */
		0393669B169D25D100986388 /* Project object */ = {
			isa = PBXProject;
			attributes = {
				LastUpgradeCheck = 0460;
				ORGANIZATIONNAME = nonatomic;
			};
			buildConfigurationList = 0393669E169D25D100986388 /* Build configuration list for PBXProject "XMPPFramework" */;
			compatibilityVersion = "Xcode 3.2";
			developmentRegion = English;
			hasScannedForEncodings = 0;
			knownRegions = (
				en,
			);
			mainGroup = 0393669A169D25D100986388;
			productRefGroup = 039366A5169D25D100986388 /* Products */;
			projectDirPath = "";
			projectRoot = "";
			targets = (
				035B5B8216A363C90098CB09 /* XMPPFramework */,
			);
		};
/* End PBXProject section */

/* Begin PBXResourcesBuildPhase section */
		035B5B8116A363C90098CB09 /* Resources */ = {
			isa = PBXResourcesBuildPhase;
			buildActionMask = 2147483647;
			files = (
			);
			runOnlyForDeploymentPostprocessing = 0;
		};
/* End PBXResourcesBuildPhase section */

/* Begin PBXSourcesBuildPhase section */
		035B5B7E16A363C90098CB09 /* Sources */ = {
			isa = PBXSourcesBuildPhase;
			buildActionMask = 2147483647;
			files = (
				035B5B9216A364000098CB09 /* DDAbstractDatabaseLogger.m in Sources */,
				035B5B9316A364000098CB09 /* DDASLLogger.m in Sources */,
				035B5B9416A364000098CB09 /* DDFileLogger.m in Sources */,
				035B5B9516A364000098CB09 /* DDLog.m in Sources */,
				035B5B9616A364000098CB09 /* DDTTYLogger.m in Sources */,
				035B5B9716A364000098CB09 /* GCDAsyncSocket.m in Sources */,
				035B5B9816A364000098CB09 /* XMPPDeprecatedDigestAuthentication.m in Sources */,
				035B5B9916A364000098CB09 /* XMPPDeprecatedPlainAuthentication.m in Sources */,
				035B5B9A16A364000098CB09 /* XMPPDigestMD5Authentication.m in Sources */,
				035B5B9B16A364000098CB09 /* XMPPPlainAuthentication.m in Sources */,
				035B5B9C16A364000098CB09 /* NSData+XMPP.m in Sources */,
				035B5B9D16A364000098CB09 /* NSNumber+XMPP.m in Sources */,
				035B5B9E16A364000098CB09 /* NSXMLElement+XMPP.m in Sources */,
				035B5B9F16A364000098CB09 /* LibIDN.m in Sources */,
				035B5BA016A364000098CB09 /* XMPPResourceMemoryStorageObject.m in Sources */,
				035B5BA116A364000098CB09 /* XMPPRosterMemoryStorage.m in Sources */,
				035B5BA216A364000098CB09 /* XMPPUserMemoryStorageObject.m in Sources */,
				035B5BA316A364000098CB09 /* XMPPRoster.m in Sources */,
				035B5BA416A364000098CB09 /* DDList.m in Sources */,
				035B5BA516A364000098CB09 /* GCDMulticastDelegate.m in Sources */,
				035B5BA616A364000098CB09 /* RFImageToDataTransformer.m in Sources */,
				035B5BA716A364000098CB09 /* XMPPvCardTemp.m in Sources */,
				035B5BA816A364000098CB09 /* XMPPvCardTempAdr.m in Sources */,
				035B5BA916A364000098CB09 /* XMPPvCardTempAdrTypes.m in Sources */,
				035B5BAA16A364000098CB09 /* XMPPvCardTempBase.m in Sources */,
				035B5BAB16A364000098CB09 /* XMPPvCardTempEmail.m in Sources */,
				035B5BAC16A364000098CB09 /* XMPPvCardTempLabel.m in Sources */,
				035B5BAD16A364000098CB09 /* XMPPvCardTempModule.m in Sources */,
				035B5BAE16A364000098CB09 /* XMPPvCardTempTel.m in Sources */,
				035B5BAF16A364000098CB09 /* XMPPMessage+XEP_0071.m in Sources */,
				035B5BB016A364000098CB09 /* NSDate+XMPPDateTimeProfiles.m in Sources */,
				035B5BB116A364000098CB09 /* XMPPDateTimeProfiles.m in Sources */,
				035B5BB216A364000098CB09 /* XMPPMessage+XEP_0085.m in Sources */,
				035B5BB316A364000098CB09 /* XMPPPresence+XEP_0153.m in Sources */,
				035B5BB416A364000098CB09 /* XMPPAutoPing.m in Sources */,
				035B5BB516A364000098CB09 /* XMPPPing.m in Sources */,
				035B5BB616A364000098CB09 /* XMPPElement+Delay.m in Sources */,
				035B5BB716A364000098CB09 /* XMPPElement.m in Sources */,
				035B5BB816A364000098CB09 /* XMPPIDTracker.m in Sources */,
				035B5BB916A364000098CB09 /* XMPPIQ.m in Sources */,
				035B5BBA16A364000098CB09 /* XMPPJID.m in Sources */,
				035B5BBB16A364000098CB09 /* XMPPMessage.m in Sources */,
				035B5BBC16A364000098CB09 /* XMPPModule.m in Sources */,
				035B5BBD16A364000098CB09 /* XMPPParser.m in Sources */,
				035B5BBE16A364000098CB09 /* XMPPPresence.m in Sources */,
				035B5BBF16A364000098CB09 /* XMPPSRVResolver.m in Sources */,
				035B5BC016A364000098CB09 /* XMPPStream.m in Sources */,
				032D586316C158A1009577E1 /* XMPPCapabilities.xcdatamodel in Sources */,
				032D586516C158A1009577E1 /* XMPPCapabilitiesCoreDataStorage.m in Sources */,
				032D586716C158A1009577E1 /* XMPPCapsCoreDataStorageObject.m in Sources */,
				032D586916C158A1009577E1 /* XMPPCapsResourceCoreDataStorageObject.m in Sources */,
				032D586B16C158A1009577E1 /* XMPPCapabilities.m in Sources */,
				038D5DCD16C15C5A001593F1 /* XMPPCoreDataStorage.m in Sources */,
				038C017116C18EB700DC2924 /* XMPPSoftwareVersion.m in Sources */,
				0375AD0616C213530029EFF1 /* XMPPSIFileTransfer.m in Sources */,
				03B9E8F216C8B4C2002F2730 /* TURNSocket.m in Sources */,
				0371704616CA05F500EDE221 /* XMPPInBandBytestream.m in Sources */,
				0315B1E816D192960007A0FA /* INSOCKSServer.m in Sources */,
				0315B1ED16D198F80007A0FA /* PortMapper.m in Sources */,
			);
			runOnlyForDeploymentPostprocessing = 0;
		};
/* End PBXSourcesBuildPhase section */

/* Begin PBXVariantGroup section */
		039366B0169D25D100986388 /* InfoPlist.strings */ = {
			isa = PBXVariantGroup;
			children = (
				039366B1169D25D100986388 /* en */,
			);
			name = InfoPlist.strings;
			sourceTree = "<group>";
		};
/* End PBXVariantGroup section */

/* Begin XCBuildConfiguration section */
		035B5B9016A363C90098CB09 /* Debug */ = {
			isa = XCBuildConfiguration;
			buildSettings = {
				COMBINE_HIDPI_IMAGES = YES;
				DYLIB_COMPATIBILITY_VERSION = 1;
				DYLIB_CURRENT_VERSION = 1;
				FRAMEWORK_VERSION = A;
				GCC_PRECOMPILE_PREFIX_HEADER = YES;
				GCC_PREFIX_HEADER = "XMPPFramework/XMPPFramework-Prefix.pch";
				HEADER_SEARCH_PATHS = /usr/include/libxml2;
				INFOPLIST_FILE = "XMPPFramework/XMPPFramework-Info.plist";
				INSTALL_PATH = "@executable_path/../Frameworks";
				LIBRARY_SEARCH_PATHS = (
					"$(inherited)",
					"\"$(SRCROOT)/XMPPFramework/LibIDN\"",
				);
				OTHER_LDFLAGS = "-lxml2";
				PRODUCT_NAME = "$(TARGET_NAME)";
				WRAPPER_EXTENSION = framework;
			};
			name = Debug;
		};
		035B5B9116A363C90098CB09 /* Release */ = {
			isa = XCBuildConfiguration;
			buildSettings = {
				COMBINE_HIDPI_IMAGES = YES;
				DYLIB_COMPATIBILITY_VERSION = 1;
				DYLIB_CURRENT_VERSION = 1;
				FRAMEWORK_VERSION = A;
				GCC_PRECOMPILE_PREFIX_HEADER = YES;
				GCC_PREFIX_HEADER = "XMPPFramework/XMPPFramework-Prefix.pch";
				HEADER_SEARCH_PATHS = /usr/include/libxml2;
				INFOPLIST_FILE = "XMPPFramework/XMPPFramework-Info.plist";
				INSTALL_PATH = "@executable_path/../Frameworks";
				LIBRARY_SEARCH_PATHS = (
					"$(inherited)",
					"\"$(SRCROOT)/XMPPFramework/LibIDN\"",
				);
				OTHER_LDFLAGS = "-lxml2";
				PRODUCT_NAME = "$(TARGET_NAME)";
				WRAPPER_EXTENSION = framework;
			};
			name = Release;
		};
		039366B7169D25D100986388 /* Debug */ = {
			isa = XCBuildConfiguration;
			buildSettings = {
				ALWAYS_SEARCH_USER_PATHS = NO;
				ARCHS = "$(ARCHS_STANDARD_64_BIT)";
				CLANG_CXX_LANGUAGE_STANDARD = "gnu++0x";
				CLANG_CXX_LIBRARY = "libc++";
				CLANG_ENABLE_OBJC_ARC = YES;
				CLANG_WARN_CONSTANT_CONVERSION = YES;
				CLANG_WARN_EMPTY_BODY = YES;
				CLANG_WARN_ENUM_CONVERSION = YES;
				CLANG_WARN_INT_CONVERSION = YES;
				CLANG_WARN__DUPLICATE_METHOD_MATCH = YES;
				COPY_PHASE_STRIP = NO;
				GCC_C_LANGUAGE_STANDARD = gnu99;
				GCC_DYNAMIC_NO_PIC = NO;
				GCC_ENABLE_OBJC_EXCEPTIONS = YES;
				GCC_OPTIMIZATION_LEVEL = 0;
				GCC_PREPROCESSOR_DEFINITIONS = (
					"DEBUG=1",
					"$(inherited)",
				);
				GCC_SYMBOLS_PRIVATE_EXTERN = NO;
				GCC_WARN_64_TO_32_BIT_CONVERSION = YES;
				GCC_WARN_ABOUT_RETURN_TYPE = YES;
				GCC_WARN_UNINITIALIZED_AUTOS = YES;
				GCC_WARN_UNUSED_VARIABLE = YES;
				MACOSX_DEPLOYMENT_TARGET = 10.8;
				ONLY_ACTIVE_ARCH = YES;
				SDKROOT = macosx;
			};
			name = Debug;
		};
		039366B8169D25D100986388 /* Release */ = {
			isa = XCBuildConfiguration;
			buildSettings = {
				ALWAYS_SEARCH_USER_PATHS = NO;
				ARCHS = "$(ARCHS_STANDARD_64_BIT)";
				CLANG_CXX_LANGUAGE_STANDARD = "gnu++0x";
				CLANG_CXX_LIBRARY = "libc++";
				CLANG_ENABLE_OBJC_ARC = YES;
				CLANG_WARN_CONSTANT_CONVERSION = YES;
				CLANG_WARN_EMPTY_BODY = YES;
				CLANG_WARN_ENUM_CONVERSION = YES;
				CLANG_WARN_INT_CONVERSION = YES;
				CLANG_WARN__DUPLICATE_METHOD_MATCH = YES;
				COPY_PHASE_STRIP = YES;
				DEBUG_INFORMATION_FORMAT = "dwarf-with-dsym";
				GCC_C_LANGUAGE_STANDARD = gnu99;
				GCC_ENABLE_OBJC_EXCEPTIONS = YES;
				GCC_WARN_64_TO_32_BIT_CONVERSION = YES;
				GCC_WARN_ABOUT_RETURN_TYPE = YES;
				GCC_WARN_UNINITIALIZED_AUTOS = YES;
				GCC_WARN_UNUSED_VARIABLE = YES;
				MACOSX_DEPLOYMENT_TARGET = 10.8;
				SDKROOT = macosx;
			};
			name = Release;
		};
/* End XCBuildConfiguration section */

/* Begin XCConfigurationList section */
		035B5B8F16A363C90098CB09 /* Build configuration list for PBXNativeTarget "XMPPFramework" */ = {
			isa = XCConfigurationList;
			buildConfigurations = (
				035B5B9016A363C90098CB09 /* Debug */,
				035B5B9116A363C90098CB09 /* Release */,
			);
			defaultConfigurationIsVisible = 0;
			defaultConfigurationName = Release;
		};
		0393669E169D25D100986388 /* Build configuration list for PBXProject "XMPPFramework" */ = {
			isa = XCConfigurationList;
			buildConfigurations = (
				039366B7169D25D100986388 /* Debug */,
				039366B8169D25D100986388 /* Release */,
			);
			defaultConfigurationIsVisible = 0;
			defaultConfigurationName = Release;
		};
/* End XCConfigurationList section */
	};
	rootObject = 0393669B169D25D100986388 /* Project object */;
}
